// !$*UTF8*$!
{
	archiveVersion = 1;
	classes = {
	};
	objectVersion = 48;
	objects = {

/* Begin PBXBuildFile section */
		880C288220926B9F00BFD30D /* ITCCommunicator.swift in Sources */ = {isa = PBXBuildFile; fileRef = 880C288120926B9F00BFD30D /* ITCCommunicator.swift */; };
		880C288420926BCF00BFD30D /* ITCStorage.swift in Sources */ = {isa = PBXBuildFile; fileRef = 880C288320926BCF00BFD30D /* ITCStorage.swift */; };
		880C288620926D1600BFD30D /* TCRootAssembly.swift in Sources */ = {isa = PBXBuildFile; fileRef = 880C288520926D1600BFD30D /* TCRootAssembly.swift */; };
		880C288920926D4600BFD30D /* TCCoreAssembly.swift in Sources */ = {isa = PBXBuildFile; fileRef = 880C288820926D4600BFD30D /* TCCoreAssembly.swift */; };
		880C288C20926D8500BFD30D /* TCServicesAssembly.swift in Sources */ = {isa = PBXBuildFile; fileRef = 880C288B20926D8500BFD30D /* TCServicesAssembly.swift */; };
		880C288E20926DCD00BFD30D /* TCPresentationAssembly.swift in Sources */ = {isa = PBXBuildFile; fileRef = 880C288D20926DCD00BFD30D /* TCPresentationAssembly.swift */; };
		880C2891209274F200BFD30D /* ITCManager.swift in Sources */ = {isa = PBXBuildFile; fileRef = 880C2890209274F200BFD30D /* ITCManager.swift */; };
		880C28932092756900BFD30D /* TCManager.swift in Sources */ = {isa = PBXBuildFile; fileRef = 880C28922092756900BFD30D /* TCManager.swift */; };
		880C289B209280FB00BFD30D /* ITCCommunicatorDelegate.swift in Sources */ = {isa = PBXBuildFile; fileRef = 880C289A209280FB00BFD30D /* ITCCommunicatorDelegate.swift */; };
		880C289D2092816C00BFD30D /* TCCommunicator.swift in Sources */ = {isa = PBXBuildFile; fileRef = 880C289C2092816C00BFD30D /* TCCommunicator.swift */; };
		880C289F2092817F00BFD30D /* TCStorage.swift in Sources */ = {isa = PBXBuildFile; fileRef = 880C289E2092817F00BFD30D /* TCStorage.swift */; };
		88144CE0204329EA0035CB07 /* Log.swift in Sources */ = {isa = PBXBuildFile; fileRef = 88144CDF204329EA0035CB07 /* Log.swift */; };
		881AD48E20515690002503BF /* CircleView.swift in Sources */ = {isa = PBXBuildFile; fileRef = 881AD48D20515690002503BF /* CircleView.swift */; };
		882CB4C9208F7CC500538AC0 /* EntitiesExtensions.swift in Sources */ = {isa = PBXBuildFile; fileRef = 882CB4C8208F7CC500538AC0 /* EntitiesExtensions.swift */; };
		882CB4EF208F913C00538AC0 /* CoreDataTests.swift in Sources */ = {isa = PBXBuildFile; fileRef = 882CB4EE208F913C00538AC0 /* CoreDataTests.swift */; };
		8835FA2A205D9A47002CFA21 /* ThemesViewController.m in Sources */ = {isa = PBXBuildFile; fileRef = 8835FA29205D9A47002CFA21 /* ThemesViewController.m */; };
		8835FA2D205D9BED002CFA21 /* Themes.m in Sources */ = {isa = PBXBuildFile; fileRef = 8835FA2C205D9BED002CFA21 /* Themes.m */; };
		8835FA32205DA86A002CFA21 /* ThemesViewController.storyboard in Resources */ = {isa = PBXBuildFile; fileRef = 8835FA31205DA86A002CFA21 /* ThemesViewController.storyboard */; };
		884724F420A83608006144F2 /* TCThemesViewControllerDelegate.swift in Sources */ = {isa = PBXBuildFile; fileRef = 884724F320A83608006144F2 /* TCThemesViewControllerDelegate.swift */; };
		884724F620AB2668006144F2 /* TCInternetImagesModel.swift in Sources */ = {isa = PBXBuildFile; fileRef = 884724F520AB2668006144F2 /* TCInternetImagesModel.swift */; };
		884724F820AB3F17006144F2 /* ITCNetwork.swift in Sources */ = {isa = PBXBuildFile; fileRef = 884724F720AB3F17006144F2 /* ITCNetwork.swift */; };
		884724FA20AB4155006144F2 /* ITCInternetImagesManager.swift in Sources */ = {isa = PBXBuildFile; fileRef = 884724F920AB4155006144F2 /* ITCInternetImagesManager.swift */; };
		884724FC20AB41A4006144F2 /* TCInternetImagesManager.swift in Sources */ = {isa = PBXBuildFile; fileRef = 884724FB20AB41A4006144F2 /* TCInternetImagesManager.swift */; };
		8847250020AB42D3006144F2 /* ITCDataLoader.swift in Sources */ = {isa = PBXBuildFile; fileRef = 884724FF20AB42D3006144F2 /* ITCDataLoader.swift */; };
		8847250420AB43E2006144F2 /* TCDataLoader.swift in Sources */ = {isa = PBXBuildFile; fileRef = 8847250320AB43E2006144F2 /* TCDataLoader.swift */; };
		8847250620AB4799006144F2 /* ITCDataLoaderDelegate.swift in Sources */ = {isa = PBXBuildFile; fileRef = 8847250520AB4799006144F2 /* ITCDataLoaderDelegate.swift */; };
		8847250820AB496E006144F2 /* ITCInternetImagesManagerDelegate.swift in Sources */ = {isa = PBXBuildFile; fileRef = 8847250720AB496E006144F2 /* ITCInternetImagesManagerDelegate.swift */; };
		884AF9322049EC2700A4A045 /* ChangeProfileImageButton.swift in Sources */ = {isa = PBXBuildFile; fileRef = 884AF9312049EC2700A4A045 /* ChangeProfileImageButton.swift */; };
		884AF9342049F71000A4A045 /* EditButton.swift in Sources */ = {isa = PBXBuildFile; fileRef = 884AF9332049F71000A4A045 /* EditButton.swift */; };
		884AF9362049FBB400A4A045 /* ProfileView.swift in Sources */ = {isa = PBXBuildFile; fileRef = 884AF9352049FBB400A4A045 /* ProfileView.swift */; };
		884AF9382049FC9C00A4A045 /* DesignConstants.swift in Sources */ = {isa = PBXBuildFile; fileRef = 884AF9372049FC9C00A4A045 /* DesignConstants.swift */; };
		885B776B209712D600534DD7 /* TCProfileTableView.swift in Sources */ = {isa = PBXBuildFile; fileRef = 885B776A209712D600534DD7 /* TCProfileTableView.swift */; };
		885B77712097144500534DD7 /* TCProfilePhotoCell.xib in Resources */ = {isa = PBXBuildFile; fileRef = 885B77702097144500534DD7 /* TCProfilePhotoCell.xib */; };
		885B77732097144D00534DD7 /* TCProfileNameCell.xib in Resources */ = {isa = PBXBuildFile; fileRef = 885B77722097144D00534DD7 /* TCProfileNameCell.xib */; };
		885B77752097145400534DD7 /* TCProfileDescriptionCell.xib in Resources */ = {isa = PBXBuildFile; fileRef = 885B77742097145400534DD7 /* TCProfileDescriptionCell.xib */; };
		885B77772097145B00534DD7 /* TCProfileEdittingPhotoCell.xib in Resources */ = {isa = PBXBuildFile; fileRef = 885B77762097145B00534DD7 /* TCProfileEdittingPhotoCell.xib */; };
		885B77792097146200534DD7 /* TCProfileEdittingNameCell.xib in Resources */ = {isa = PBXBuildFile; fileRef = 885B77782097146200534DD7 /* TCProfileEdittingNameCell.xib */; };
		885B777B2097146B00534DD7 /* TCProfileEdittingDescriptionCell.xib in Resources */ = {isa = PBXBuildFile; fileRef = 885B777A2097146B00534DD7 /* TCProfileEdittingDescriptionCell.xib */; };
		885B777D2097147200534DD7 /* TCProfileHeaderCell.xib in Resources */ = {isa = PBXBuildFile; fileRef = 885B777C2097147200534DD7 /* TCProfileHeaderCell.xib */; };
		885B777F2097193000534DD7 /* TCInformationCell.xib in Resources */ = {isa = PBXBuildFile; fileRef = 885B777E2097193000534DD7 /* TCInformationCell.xib */; };
		885B778120971F2B00534DD7 /* ITCPresentationAssembly.swift in Sources */ = {isa = PBXBuildFile; fileRef = 885B778020971F2B00534DD7 /* ITCPresentationAssembly.swift */; };
		885B778320971F4700534DD7 /* ITCServicesAssembly.swift in Sources */ = {isa = PBXBuildFile; fileRef = 885B778220971F4700534DD7 /* ITCServicesAssembly.swift */; };
		885B778520971F6700534DD7 /* ITCCoreAssembly.swift in Sources */ = {isa = PBXBuildFile; fileRef = 885B778420971F6700534DD7 /* ITCCoreAssembly.swift */; };
		88616CA62092887500100F90 /* ITCManagerDelegate.swift in Sources */ = {isa = PBXBuildFile; fileRef = 88616CA52092887500100F90 /* ITCManagerDelegate.swift */; };
		8869151E20517ED40045D3F0 /* MessageView.swift in Sources */ = {isa = PBXBuildFile; fileRef = 8869151D20517ED40045D3F0 /* MessageView.swift */; };
		8869D22C207921030021ACEC /* TCProfileCells.swift in Sources */ = {isa = PBXBuildFile; fileRef = 8869D22B207921030021ACEC /* TCProfileCells.swift */; };
		8869D22E20792B2A0021ACEC /* EditTextView.swift in Sources */ = {isa = PBXBuildFile; fileRef = 8869D22D20792B2A0021ACEC /* EditTextView.swift */; };
		887F2E5E209836A800DFCC08 /* TCConversationListModel.swift in Sources */ = {isa = PBXBuildFile; fileRef = 887F2E5D209836A800DFCC08 /* TCConversationListModel.swift */; };
		887F2E6020983EEB00DFCC08 /* TCConversationModel.swift in Sources */ = {isa = PBXBuildFile; fileRef = 887F2E5F20983EEB00DFCC08 /* TCConversationModel.swift */; };
		8880159C209B21C500EC17B1 /* TCProfileModel.swift in Sources */ = {isa = PBXBuildFile; fileRef = 8880159B209B21C500EC17B1 /* TCProfileModel.swift */; };
		888DED592080249A00B95022 /* Storage.xcdatamodeld in Sources */ = {isa = PBXBuildFile; fileRef = 888DED572080249A00B95022 /* Storage.xcdatamodeld */; };
		88A030D9207AB4C9008C297A /* ColorButton.swift in Sources */ = {isa = PBXBuildFile; fileRef = 88A030D8207AB4C9008C297A /* ColorButton.swift */; };
		88A3EBE92054668800CC5FD7 /* ITCConversationCellConfiguration.swift in Sources */ = {isa = PBXBuildFile; fileRef = 88A3EBE82054668800CC5FD7 /* ITCConversationCellConfiguration.swift */; };
		88A3EBEB205466B000CC5FD7 /* ITCMessageCellConfiguration.swift in Sources */ = {isa = PBXBuildFile; fileRef = 88A3EBEA205466B000CC5FD7 /* ITCMessageCellConfiguration.swift */; };
		88B96C032053307900C4961C /* DateFunctions.swift in Sources */ = {isa = PBXBuildFile; fileRef = 88B96C022053307900C4961C /* DateFunctions.swift */; };
		88BF08382051322C00B08C69 /* RoundImage.swift in Sources */ = {isa = PBXBuildFile; fileRef = 88BF08372051322C00B08C69 /* RoundImage.swift */; };
		88CA58F0207A0C8E00D5646C /* UserCircle.xib in Resources */ = {isa = PBXBuildFile; fileRef = 88CA58EF207A0C8E00D5646C /* UserCircle.xib */; };
		88CA58F2207A150B00D5646C /* UserCircle.swift in Sources */ = {isa = PBXBuildFile; fileRef = 88CA58F1207A150B00D5646C /* UserCircle.swift */; };
		88DBB02F2041BB0C005EDA8B /* AppDelegate.swift in Sources */ = {isa = PBXBuildFile; fileRef = 88DBB02E2041BB0C005EDA8B /* AppDelegate.swift */; };
		88DBB0392041BB0C005EDA8B /* Assets.xcassets in Resources */ = {isa = PBXBuildFile; fileRef = 88DBB0382041BB0C005EDA8B /* Assets.xcassets */; };
		88DBB03C2041BB0C005EDA8B /* LaunchScreen.storyboard in Resources */ = {isa = PBXBuildFile; fileRef = 88DBB03A2041BB0C005EDA8B /* LaunchScreen.storyboard */; };
		88E20027209B54DA008DEEDF /* TCInternetImagesViewController.swift in Sources */ = {isa = PBXBuildFile; fileRef = 88E20025209B54DA008DEEDF /* TCInternetImagesViewController.swift */; };
		88E20028209B54DA008DEEDF /* TCInternetImages.xib in Resources */ = {isa = PBXBuildFile; fileRef = 88E20026209B54DA008DEEDF /* TCInternetImages.xib */; };
		88E2002C209B5A17008DEEDF /* TCInternetImagesCell.swift in Sources */ = {isa = PBXBuildFile; fileRef = 88E2002B209B5A17008DEEDF /* TCInternetImagesCell.swift */; };
		88E2002E209B5A25008DEEDF /* TCInternetImagesCell.xib in Resources */ = {isa = PBXBuildFile; fileRef = 88E2002D209B5A25008DEEDF /* TCInternetImagesCell.xib */; };
		88FF785D2095D710005A3F45 /* TCConversationListViewController.swift in Sources */ = {isa = PBXBuildFile; fileRef = 88FF785C2095D710005A3F45 /* TCConversationListViewController.swift */; };
		88FF785F2095D73D005A3F45 /* TCConversationViewController.swift in Sources */ = {isa = PBXBuildFile; fileRef = 88FF785E2095D73D005A3F45 /* TCConversationViewController.swift */; };
		88FF78612095D74C005A3F45 /* TCProfileViewController.swift in Sources */ = {isa = PBXBuildFile; fileRef = 88FF78602095D74C005A3F45 /* TCProfileViewController.swift */; };
		88FF78632095D754005A3F45 /* TCThemesViewController.swift in Sources */ = {isa = PBXBuildFile; fileRef = 88FF78622095D754005A3F45 /* TCThemesViewController.swift */; };
		88FF78652095D92D005A3F45 /* TCConversationList.xib in Resources */ = {isa = PBXBuildFile; fileRef = 88FF78642095D92D005A3F45 /* TCConversationList.xib */; };
		88FF78672095D939005A3F45 /* TCConversation.xib in Resources */ = {isa = PBXBuildFile; fileRef = 88FF78662095D939005A3F45 /* TCConversation.xib */; };
		88FF78692095D940005A3F45 /* TCProfile.xib in Resources */ = {isa = PBXBuildFile; fileRef = 88FF78682095D940005A3F45 /* TCProfile.xib */; };
		88FF786B2095D956005A3F45 /* TCThemes.xib in Resources */ = {isa = PBXBuildFile; fileRef = 88FF786A2095D956005A3F45 /* TCThemes.xib */; };
		88FF786D2095DB1B005A3F45 /* TCNibNames.swift in Sources */ = {isa = PBXBuildFile; fileRef = 88FF786C2095DB1B005A3F45 /* TCNibNames.swift */; };
		88FF787D20960980005A3F45 /* TCConversationCell.xib in Resources */ = {isa = PBXBuildFile; fileRef = 88FF787C20960980005A3F45 /* TCConversationCell.xib */; };
		88FF787F20960A32005A3F45 /* TCConversationListDataSource.swift in Sources */ = {isa = PBXBuildFile; fileRef = 88FF787E20960A32005A3F45 /* TCConversationListDataSource.swift */; };
		88FF788120960B28005A3F45 /* TCConversationCell.swift in Sources */ = {isa = PBXBuildFile; fileRef = 88FF788020960B28005A3F45 /* TCConversationCell.swift */; };
		88FF789420966DD9005A3F45 /* TCCoreDataStack.swift in Sources */ = {isa = PBXBuildFile; fileRef = 88FF789320966DD9005A3F45 /* TCCoreDataStack.swift */; };
		88FF78982096842E005A3F45 /* TCNoMessagesCell.xib in Resources */ = {isa = PBXBuildFile; fileRef = 88FF78972096842E005A3F45 /* TCNoMessagesCell.xib */; };
		88FF789A2096843E005A3F45 /* TCInputMessageCell.xib in Resources */ = {isa = PBXBuildFile; fileRef = 88FF78992096843E005A3F45 /* TCInputMessageCell.xib */; };
		88FF789C20968449005A3F45 /* TCOutputMessageCell.xib in Resources */ = {isa = PBXBuildFile; fileRef = 88FF789B20968449005A3F45 /* TCOutputMessageCell.xib */; };
		88FF789E20968468005A3F45 /* TCNewMessagesCell.xib in Resources */ = {isa = PBXBuildFile; fileRef = 88FF789D20968468005A3F45 /* TCNewMessagesCell.xib */; };
		88FF78A020968496005A3F45 /* TCMessageCell.swift in Sources */ = {isa = PBXBuildFile; fileRef = 88FF789F20968496005A3F45 /* TCMessageCell.swift */; };
		88FF78A220968DD0005A3F45 /* TCInformationCell.swift in Sources */ = {isa = PBXBuildFile; fileRef = 88FF78A120968DD0005A3F45 /* TCInformationCell.swift */; };
/* End PBXBuildFile section */

/* Begin PBXContainerItemProxy section */
		882CB4F1208F913C00538AC0 /* PBXContainerItemProxy */ = {
			isa = PBXContainerItemProxy;
			containerPortal = 88DBB0232041BB0C005EDA8B /* Project object */;
			proxyType = 1;
			remoteGlobalIDString = 88DBB02A2041BB0C005EDA8B;
			remoteInfo = TinkoffChat;
		};
/* End PBXContainerItemProxy section */

/* Begin PBXFileReference section */
		880C288120926B9F00BFD30D /* ITCCommunicator.swift */ = {isa = PBXFileReference; lastKnownFileType = sourcecode.swift; path = ITCCommunicator.swift; sourceTree = "<group>"; };
		880C288320926BCF00BFD30D /* ITCStorage.swift */ = {isa = PBXFileReference; lastKnownFileType = sourcecode.swift; path = ITCStorage.swift; sourceTree = "<group>"; };
		880C288520926D1600BFD30D /* TCRootAssembly.swift */ = {isa = PBXFileReference; lastKnownFileType = sourcecode.swift; path = TCRootAssembly.swift; sourceTree = "<group>"; };
		880C288820926D4600BFD30D /* TCCoreAssembly.swift */ = {isa = PBXFileReference; lastKnownFileType = sourcecode.swift; path = TCCoreAssembly.swift; sourceTree = "<group>"; };
		880C288B20926D8500BFD30D /* TCServicesAssembly.swift */ = {isa = PBXFileReference; lastKnownFileType = sourcecode.swift; path = TCServicesAssembly.swift; sourceTree = "<group>"; };
		880C288D20926DCD00BFD30D /* TCPresentationAssembly.swift */ = {isa = PBXFileReference; lastKnownFileType = sourcecode.swift; path = TCPresentationAssembly.swift; sourceTree = "<group>"; };
		880C2890209274F200BFD30D /* ITCManager.swift */ = {isa = PBXFileReference; lastKnownFileType = sourcecode.swift; path = ITCManager.swift; sourceTree = "<group>"; };
		880C28922092756900BFD30D /* TCManager.swift */ = {isa = PBXFileReference; lastKnownFileType = sourcecode.swift; path = TCManager.swift; sourceTree = "<group>"; };
		880C289A209280FB00BFD30D /* ITCCommunicatorDelegate.swift */ = {isa = PBXFileReference; lastKnownFileType = sourcecode.swift; path = ITCCommunicatorDelegate.swift; sourceTree = "<group>"; };
		880C289C2092816C00BFD30D /* TCCommunicator.swift */ = {isa = PBXFileReference; lastKnownFileType = sourcecode.swift; path = TCCommunicator.swift; sourceTree = "<group>"; };
		880C289E2092817F00BFD30D /* TCStorage.swift */ = {isa = PBXFileReference; lastKnownFileType = sourcecode.swift; path = TCStorage.swift; sourceTree = "<group>"; };
		88144CDF204329EA0035CB07 /* Log.swift */ = {isa = PBXFileReference; lastKnownFileType = sourcecode.swift; path = Log.swift; sourceTree = "<group>"; };
		881AD48D20515690002503BF /* CircleView.swift */ = {isa = PBXFileReference; lastKnownFileType = sourcecode.swift; path = CircleView.swift; sourceTree = "<group>"; };
		882CB4C8208F7CC500538AC0 /* EntitiesExtensions.swift */ = {isa = PBXFileReference; lastKnownFileType = sourcecode.swift; path = EntitiesExtensions.swift; sourceTree = "<group>"; };
		882CB4EC208F913C00538AC0 /* CoreDataTests.xctest */ = {isa = PBXFileReference; explicitFileType = wrapper.cfbundle; includeInIndex = 0; path = CoreDataTests.xctest; sourceTree = BUILT_PRODUCTS_DIR; };
		882CB4EE208F913C00538AC0 /* CoreDataTests.swift */ = {isa = PBXFileReference; lastKnownFileType = sourcecode.swift; path = CoreDataTests.swift; sourceTree = "<group>"; };
		882CB4F0208F913C00538AC0 /* Info.plist */ = {isa = PBXFileReference; lastKnownFileType = text.plist.xml; path = Info.plist; sourceTree = "<group>"; };
		8835FA27205D9A47002CFA21 /* TinkoffChat-Bridging-Header.h */ = {isa = PBXFileReference; lastKnownFileType = sourcecode.c.h; path = "TinkoffChat-Bridging-Header.h"; sourceTree = "<group>"; };
		8835FA28205D9A47002CFA21 /* ThemesViewController.h */ = {isa = PBXFileReference; lastKnownFileType = sourcecode.c.h; path = ThemesViewController.h; sourceTree = "<group>"; };
		8835FA29205D9A47002CFA21 /* ThemesViewController.m */ = {isa = PBXFileReference; lastKnownFileType = sourcecode.c.objc; path = ThemesViewController.m; sourceTree = "<group>"; };
		8835FA2B205D9BED002CFA21 /* Themes.h */ = {isa = PBXFileReference; lastKnownFileType = sourcecode.c.h; path = Themes.h; sourceTree = "<group>"; };
		8835FA2C205D9BED002CFA21 /* Themes.m */ = {isa = PBXFileReference; lastKnownFileType = sourcecode.c.objc; path = Themes.m; sourceTree = "<group>"; };
		8835FA31205DA86A002CFA21 /* ThemesViewController.storyboard */ = {isa = PBXFileReference; lastKnownFileType = file.storyboard; path = ThemesViewController.storyboard; sourceTree = "<group>"; };
		884724F320A83608006144F2 /* TCThemesViewControllerDelegate.swift */ = {isa = PBXFileReference; lastKnownFileType = sourcecode.swift; path = TCThemesViewControllerDelegate.swift; sourceTree = "<group>"; };
		884724F520AB2668006144F2 /* TCInternetImagesModel.swift */ = {isa = PBXFileReference; lastKnownFileType = sourcecode.swift; path = TCInternetImagesModel.swift; sourceTree = "<group>"; };
		884724F720AB3F17006144F2 /* ITCNetwork.swift */ = {isa = PBXFileReference; lastKnownFileType = sourcecode.swift; path = ITCNetwork.swift; sourceTree = "<group>"; };
		884724F920AB4155006144F2 /* ITCInternetImagesManager.swift */ = {isa = PBXFileReference; lastKnownFileType = sourcecode.swift; path = ITCInternetImagesManager.swift; sourceTree = "<group>"; };
		884724FB20AB41A4006144F2 /* TCInternetImagesManager.swift */ = {isa = PBXFileReference; lastKnownFileType = sourcecode.swift; path = TCInternetImagesManager.swift; sourceTree = "<group>"; };
		884724FF20AB42D3006144F2 /* ITCDataLoader.swift */ = {isa = PBXFileReference; lastKnownFileType = sourcecode.swift; path = ITCDataLoader.swift; sourceTree = "<group>"; };
		8847250320AB43E2006144F2 /* TCDataLoader.swift */ = {isa = PBXFileReference; lastKnownFileType = sourcecode.swift; path = TCDataLoader.swift; sourceTree = "<group>"; };
		8847250520AB4799006144F2 /* ITCDataLoaderDelegate.swift */ = {isa = PBXFileReference; lastKnownFileType = sourcecode.swift; path = ITCDataLoaderDelegate.swift; sourceTree = "<group>"; };
		8847250720AB496E006144F2 /* ITCInternetImagesManagerDelegate.swift */ = {isa = PBXFileReference; lastKnownFileType = sourcecode.swift; path = ITCInternetImagesManagerDelegate.swift; sourceTree = "<group>"; };
		884AF9312049EC2700A4A045 /* ChangeProfileImageButton.swift */ = {isa = PBXFileReference; lastKnownFileType = sourcecode.swift; path = ChangeProfileImageButton.swift; sourceTree = "<group>"; };
		884AF9332049F71000A4A045 /* EditButton.swift */ = {isa = PBXFileReference; lastKnownFileType = sourcecode.swift; path = EditButton.swift; sourceTree = "<group>"; };
		884AF9352049FBB400A4A045 /* ProfileView.swift */ = {isa = PBXFileReference; lastKnownFileType = sourcecode.swift; path = ProfileView.swift; sourceTree = "<group>"; };
		884AF9372049FC9C00A4A045 /* DesignConstants.swift */ = {isa = PBXFileReference; lastKnownFileType = sourcecode.swift; path = DesignConstants.swift; sourceTree = "<group>"; };
		885B776A209712D600534DD7 /* TCProfileTableView.swift */ = {isa = PBXFileReference; lastKnownFileType = sourcecode.swift; path = TCProfileTableView.swift; sourceTree = "<group>"; };
		885B77702097144500534DD7 /* TCProfilePhotoCell.xib */ = {isa = PBXFileReference; lastKnownFileType = file.xib; path = TCProfilePhotoCell.xib; sourceTree = "<group>"; };
		885B77722097144D00534DD7 /* TCProfileNameCell.xib */ = {isa = PBXFileReference; lastKnownFileType = file.xib; path = TCProfileNameCell.xib; sourceTree = "<group>"; };
		885B77742097145400534DD7 /* TCProfileDescriptionCell.xib */ = {isa = PBXFileReference; lastKnownFileType = file.xib; path = TCProfileDescriptionCell.xib; sourceTree = "<group>"; };
		885B77762097145B00534DD7 /* TCProfileEdittingPhotoCell.xib */ = {isa = PBXFileReference; lastKnownFileType = file.xib; path = TCProfileEdittingPhotoCell.xib; sourceTree = "<group>"; };
		885B77782097146200534DD7 /* TCProfileEdittingNameCell.xib */ = {isa = PBXFileReference; lastKnownFileType = file.xib; path = TCProfileEdittingNameCell.xib; sourceTree = "<group>"; };
		885B777A2097146B00534DD7 /* TCProfileEdittingDescriptionCell.xib */ = {isa = PBXFileReference; lastKnownFileType = file.xib; path = TCProfileEdittingDescriptionCell.xib; sourceTree = "<group>"; };
		885B777C2097147200534DD7 /* TCProfileHeaderCell.xib */ = {isa = PBXFileReference; lastKnownFileType = file.xib; path = TCProfileHeaderCell.xib; sourceTree = "<group>"; };
		885B777E2097193000534DD7 /* TCInformationCell.xib */ = {isa = PBXFileReference; lastKnownFileType = file.xib; path = TCInformationCell.xib; sourceTree = "<group>"; };
		885B778020971F2B00534DD7 /* ITCPresentationAssembly.swift */ = {isa = PBXFileReference; lastKnownFileType = sourcecode.swift; path = ITCPresentationAssembly.swift; sourceTree = "<group>"; };
		885B778220971F4700534DD7 /* ITCServicesAssembly.swift */ = {isa = PBXFileReference; lastKnownFileType = sourcecode.swift; path = ITCServicesAssembly.swift; sourceTree = "<group>"; };
		885B778420971F6700534DD7 /* ITCCoreAssembly.swift */ = {isa = PBXFileReference; lastKnownFileType = sourcecode.swift; path = ITCCoreAssembly.swift; sourceTree = "<group>"; };
		88616CA52092887500100F90 /* ITCManagerDelegate.swift */ = {isa = PBXFileReference; lastKnownFileType = sourcecode.swift; path = ITCManagerDelegate.swift; sourceTree = "<group>"; };
		8869151D20517ED40045D3F0 /* MessageView.swift */ = {isa = PBXFileReference; lastKnownFileType = sourcecode.swift; path = MessageView.swift; sourceTree = "<group>"; };
		8869D22B207921030021ACEC /* TCProfileCells.swift */ = {isa = PBXFileReference; lastKnownFileType = sourcecode.swift; path = TCProfileCells.swift; sourceTree = "<group>"; };
		8869D22D20792B2A0021ACEC /* EditTextView.swift */ = {isa = PBXFileReference; lastKnownFileType = sourcecode.swift; path = EditTextView.swift; sourceTree = "<group>"; };
		887F2E5D209836A800DFCC08 /* TCConversationListModel.swift */ = {isa = PBXFileReference; lastKnownFileType = sourcecode.swift; path = TCConversationListModel.swift; sourceTree = "<group>"; };
		887F2E5F20983EEB00DFCC08 /* TCConversationModel.swift */ = {isa = PBXFileReference; lastKnownFileType = sourcecode.swift; path = TCConversationModel.swift; sourceTree = "<group>"; };
		8880159B209B21C500EC17B1 /* TCProfileModel.swift */ = {isa = PBXFileReference; lastKnownFileType = sourcecode.swift; path = TCProfileModel.swift; sourceTree = "<group>"; };
		888DED582080249A00B95022 /* TinkoffChat.xcdatamodel */ = {isa = PBXFileReference; lastKnownFileType = wrapper.xcdatamodel; path = TinkoffChat.xcdatamodel; sourceTree = "<group>"; };
		88A030D8207AB4C9008C297A /* ColorButton.swift */ = {isa = PBXFileReference; lastKnownFileType = sourcecode.swift; path = ColorButton.swift; sourceTree = "<group>"; };
		88A3EBE82054668800CC5FD7 /* ITCConversationCellConfiguration.swift */ = {isa = PBXFileReference; lastKnownFileType = sourcecode.swift; path = ITCConversationCellConfiguration.swift; sourceTree = "<group>"; };
		88A3EBEA205466B000CC5FD7 /* ITCMessageCellConfiguration.swift */ = {isa = PBXFileReference; lastKnownFileType = sourcecode.swift; path = ITCMessageCellConfiguration.swift; sourceTree = "<group>"; };
		88B96C022053307900C4961C /* DateFunctions.swift */ = {isa = PBXFileReference; lastKnownFileType = sourcecode.swift; path = DateFunctions.swift; sourceTree = "<group>"; };
		88BF08372051322C00B08C69 /* RoundImage.swift */ = {isa = PBXFileReference; lastKnownFileType = sourcecode.swift; path = RoundImage.swift; sourceTree = "<group>"; };
		88CA58EF207A0C8E00D5646C /* UserCircle.xib */ = {isa = PBXFileReference; lastKnownFileType = file.xib; path = UserCircle.xib; sourceTree = "<group>"; };
		88CA58F1207A150B00D5646C /* UserCircle.swift */ = {isa = PBXFileReference; lastKnownFileType = sourcecode.swift; path = UserCircle.swift; sourceTree = "<group>"; };
		88DBB02B2041BB0C005EDA8B /* TinkoffChat.app */ = {isa = PBXFileReference; explicitFileType = wrapper.application; includeInIndex = 0; path = TinkoffChat.app; sourceTree = BUILT_PRODUCTS_DIR; };
		88DBB02E2041BB0C005EDA8B /* AppDelegate.swift */ = {isa = PBXFileReference; lastKnownFileType = sourcecode.swift; path = AppDelegate.swift; sourceTree = "<group>"; };
		88DBB0382041BB0C005EDA8B /* Assets.xcassets */ = {isa = PBXFileReference; lastKnownFileType = folder.assetcatalog; path = Assets.xcassets; sourceTree = "<group>"; };
		88DBB03B2041BB0C005EDA8B /* Base */ = {isa = PBXFileReference; lastKnownFileType = file.storyboard; name = Base; path = Base.lproj/LaunchScreen.storyboard; sourceTree = "<group>"; };
		88DBB03D2041BB0C005EDA8B /* Info.plist */ = {isa = PBXFileReference; lastKnownFileType = text.plist.xml; path = Info.plist; sourceTree = "<group>"; };
		88E20025209B54DA008DEEDF /* TCInternetImagesViewController.swift */ = {isa = PBXFileReference; lastKnownFileType = sourcecode.swift; path = TCInternetImagesViewController.swift; sourceTree = "<group>"; };
		88E20026209B54DA008DEEDF /* TCInternetImages.xib */ = {isa = PBXFileReference; lastKnownFileType = file.xib; path = TCInternetImages.xib; sourceTree = "<group>"; };
		88E2002B209B5A17008DEEDF /* TCInternetImagesCell.swift */ = {isa = PBXFileReference; lastKnownFileType = sourcecode.swift; path = TCInternetImagesCell.swift; sourceTree = "<group>"; };
		88E2002D209B5A25008DEEDF /* TCInternetImagesCell.xib */ = {isa = PBXFileReference; lastKnownFileType = file.xib; path = TCInternetImagesCell.xib; sourceTree = "<group>"; };
		88FF785C2095D710005A3F45 /* TCConversationListViewController.swift */ = {isa = PBXFileReference; lastKnownFileType = sourcecode.swift; path = TCConversationListViewController.swift; sourceTree = "<group>"; };
		88FF785E2095D73D005A3F45 /* TCConversationViewController.swift */ = {isa = PBXFileReference; lastKnownFileType = sourcecode.swift; path = TCConversationViewController.swift; sourceTree = "<group>"; };
		88FF78602095D74C005A3F45 /* TCProfileViewController.swift */ = {isa = PBXFileReference; lastKnownFileType = sourcecode.swift; path = TCProfileViewController.swift; sourceTree = "<group>"; };
		88FF78622095D754005A3F45 /* TCThemesViewController.swift */ = {isa = PBXFileReference; lastKnownFileType = sourcecode.swift; path = TCThemesViewController.swift; sourceTree = "<group>"; };
		88FF78642095D92D005A3F45 /* TCConversationList.xib */ = {isa = PBXFileReference; lastKnownFileType = file.xib; path = TCConversationList.xib; sourceTree = "<group>"; };
		88FF78662095D939005A3F45 /* TCConversation.xib */ = {isa = PBXFileReference; lastKnownFileType = file.xib; path = TCConversation.xib; sourceTree = "<group>"; };
		88FF78682095D940005A3F45 /* TCProfile.xib */ = {isa = PBXFileReference; lastKnownFileType = file.xib; path = TCProfile.xib; sourceTree = "<group>"; };
		88FF786A2095D956005A3F45 /* TCThemes.xib */ = {isa = PBXFileReference; lastKnownFileType = file.xib; path = TCThemes.xib; sourceTree = "<group>"; };
		88FF786C2095DB1B005A3F45 /* TCNibNames.swift */ = {isa = PBXFileReference; lastKnownFileType = sourcecode.swift; path = TCNibNames.swift; sourceTree = "<group>"; };
		88FF787C20960980005A3F45 /* TCConversationCell.xib */ = {isa = PBXFileReference; lastKnownFileType = file.xib; path = TCConversationCell.xib; sourceTree = "<group>"; };
		88FF787E20960A32005A3F45 /* TCConversationListDataSource.swift */ = {isa = PBXFileReference; lastKnownFileType = sourcecode.swift; path = TCConversationListDataSource.swift; sourceTree = "<group>"; };
		88FF788020960B28005A3F45 /* TCConversationCell.swift */ = {isa = PBXFileReference; lastKnownFileType = sourcecode.swift; path = TCConversationCell.swift; sourceTree = "<group>"; };
		88FF789320966DD9005A3F45 /* TCCoreDataStack.swift */ = {isa = PBXFileReference; lastKnownFileType = sourcecode.swift; path = TCCoreDataStack.swift; sourceTree = "<group>"; };
		88FF78972096842E005A3F45 /* TCNoMessagesCell.xib */ = {isa = PBXFileReference; lastKnownFileType = file.xib; path = TCNoMessagesCell.xib; sourceTree = "<group>"; };
		88FF78992096843E005A3F45 /* TCInputMessageCell.xib */ = {isa = PBXFileReference; lastKnownFileType = file.xib; path = TCInputMessageCell.xib; sourceTree = "<group>"; };
		88FF789B20968449005A3F45 /* TCOutputMessageCell.xib */ = {isa = PBXFileReference; lastKnownFileType = file.xib; path = TCOutputMessageCell.xib; sourceTree = "<group>"; };
		88FF789D20968468005A3F45 /* TCNewMessagesCell.xib */ = {isa = PBXFileReference; lastKnownFileType = file.xib; path = TCNewMessagesCell.xib; sourceTree = "<group>"; };
		88FF789F20968496005A3F45 /* TCMessageCell.swift */ = {isa = PBXFileReference; lastKnownFileType = sourcecode.swift; path = TCMessageCell.swift; sourceTree = "<group>"; };
		88FF78A120968DD0005A3F45 /* TCInformationCell.swift */ = {isa = PBXFileReference; lastKnownFileType = sourcecode.swift; path = TCInformationCell.swift; sourceTree = "<group>"; };
/* End PBXFileReference section */

/* Begin PBXFrameworksBuildPhase section */
		882CB4E9208F913C00538AC0 /* Frameworks */ = {
			isa = PBXFrameworksBuildPhase;
			buildActionMask = 2147483647;
			files = (
			);
			runOnlyForDeploymentPostprocessing = 0;
		};
		88DBB0282041BB0C005EDA8B /* Frameworks */ = {
			isa = PBXFrameworksBuildPhase;
			buildActionMask = 2147483647;
			files = (
			);
			runOnlyForDeploymentPostprocessing = 0;
		};
/* End PBXFrameworksBuildPhase section */

/* Begin PBXGroup section */
		880C287E2092657100BFD30D /* 1 Presentation */ = {
			isa = PBXGroup;
			children = (
				880C288F20926DD200BFD30D /* Assembly */,
				880C289920927EE300BFD30D /* Implementations */,
			);
			path = "1 Presentation";
			sourceTree = "<group>";
		};
		880C287F2092658400BFD30D /* 2 Services */ = {
			isa = PBXGroup;
			children = (
				880C288A20926D7900BFD30D /* Assembly */,
				880C289520927E9100BFD30D /* Interfaces */,
				880C289420927E7A00BFD30D /* Implementations */,
			);
			path = "2 Services";
			sourceTree = "<group>";
		};
		880C28802092658D00BFD30D /* 3 Core */ = {
			isa = PBXGroup;
			children = (
				880C288720926D3500BFD30D /* Assembly */,
				880C289620927EA300BFD30D /* Interfaces */,
				880C289720927EBC00BFD30D /* Implementations */,
			);
			path = "3 Core";
			sourceTree = "<group>";
		};
		880C288720926D3500BFD30D /* Assembly */ = {
			isa = PBXGroup;
			children = (
				885B778420971F6700534DD7 /* ITCCoreAssembly.swift */,
				880C288820926D4600BFD30D /* TCCoreAssembly.swift */,
			);
			path = Assembly;
			sourceTree = "<group>";
		};
		880C288A20926D7900BFD30D /* Assembly */ = {
			isa = PBXGroup;
			children = (
				885B778220971F4700534DD7 /* ITCServicesAssembly.swift */,
				880C288B20926D8500BFD30D /* TCServicesAssembly.swift */,
			);
			path = Assembly;
			sourceTree = "<group>";
		};
		880C288F20926DD200BFD30D /* Assembly */ = {
			isa = PBXGroup;
			children = (
				885B778020971F2B00534DD7 /* ITCPresentationAssembly.swift */,
				880C288D20926DCD00BFD30D /* TCPresentationAssembly.swift */,
			);
			path = Assembly;
			sourceTree = "<group>";
		};
		880C289420927E7A00BFD30D /* Implementations */ = {
			isa = PBXGroup;
			children = (
				880C28922092756900BFD30D /* TCManager.swift */,
				884724FB20AB41A4006144F2 /* TCInternetImagesManager.swift */,
			);
			path = Implementations;
			sourceTree = "<group>";
		};
		880C289520927E9100BFD30D /* Interfaces */ = {
			isa = PBXGroup;
			children = (
				880C2890209274F200BFD30D /* ITCManager.swift */,
				88616CA52092887500100F90 /* ITCManagerDelegate.swift */,
				884724F920AB4155006144F2 /* ITCInternetImagesManager.swift */,
				8847250720AB496E006144F2 /* ITCInternetImagesManagerDelegate.swift */,
			);
			path = Interfaces;
			sourceTree = "<group>";
		};
		880C289620927EA300BFD30D /* Interfaces */ = {
			isa = PBXGroup;
			children = (
				880C288120926B9F00BFD30D /* ITCCommunicator.swift */,
				880C289A209280FB00BFD30D /* ITCCommunicatorDelegate.swift */,
				880C288320926BCF00BFD30D /* ITCStorage.swift */,
				884724F720AB3F17006144F2 /* ITCNetwork.swift */,
				884724FF20AB42D3006144F2 /* ITCDataLoader.swift */,
				8847250520AB4799006144F2 /* ITCDataLoaderDelegate.swift */,
			);
			path = Interfaces;
			sourceTree = "<group>";
		};
		880C289720927EBC00BFD30D /* Implementations */ = {
			isa = PBXGroup;
			children = (
				880C289C2092816C00BFD30D /* TCCommunicator.swift */,
				880C289E2092817F00BFD30D /* TCStorage.swift */,
				88FF789320966DD9005A3F45 /* TCCoreDataStack.swift */,
				8847250320AB43E2006144F2 /* TCDataLoader.swift */,
				888DED572080249A00B95022 /* Storage.xcdatamodeld */,
				882CB4C8208F7CC500538AC0 /* EntitiesExtensions.swift */,
			);
			path = Implementations;
			sourceTree = "<group>";
		};
		880C289920927EE300BFD30D /* Implementations */ = {
			isa = PBXGroup;
			children = (
				884AF9372049FC9C00A4A045 /* DesignConstants.swift */,
				88FF786C2095DB1B005A3F45 /* TCNibNames.swift */,
				88BF083020512ACB00B08C69 /* Custom elements */,
				8835FA26205D9785002CFA21 /* ThemesViewController */,
				88FF788820964610005A3F45 /* TCConversationList */,
				88FF788920964626005A3F45 /* TCConversation */,
				88FF788A20964654005A3F45 /* TCProfile */,
				88FF788B2096465E005A3F45 /* TCThemes */,
				88E20024209B5420008DEEDF /* TCInternetImages */,
			);
			path = Implementations;
			sourceTree = "<group>";
		};
		882CB4ED208F913C00538AC0 /* CoreDataTests */ = {
			isa = PBXGroup;
			children = (
				882CB4EE208F913C00538AC0 /* CoreDataTests.swift */,
				882CB4F0208F913C00538AC0 /* Info.plist */,
			);
			path = CoreDataTests;
			sourceTree = "<group>";
		};
		8835FA26205D9785002CFA21 /* ThemesViewController */ = {
			isa = PBXGroup;
			children = (
				8835FA2B205D9BED002CFA21 /* Themes.h */,
				8835FA2C205D9BED002CFA21 /* Themes.m */,
				8835FA28205D9A47002CFA21 /* ThemesViewController.h */,
				8835FA29205D9A47002CFA21 /* ThemesViewController.m */,
				8835FA27205D9A47002CFA21 /* TinkoffChat-Bridging-Header.h */,
				8835FA31205DA86A002CFA21 /* ThemesViewController.storyboard */,
			);
			path = ThemesViewController;
			sourceTree = "<group>";
		};
		885B778B2097240000534DD7 /* Buttons */ = {
			isa = PBXGroup;
			children = (
				884AF9312049EC2700A4A045 /* ChangeProfileImageButton.swift */,
				88A030D8207AB4C9008C297A /* ColorButton.swift */,
				884AF9332049F71000A4A045 /* EditButton.swift */,
			);
			path = Buttons;
			sourceTree = "<group>";
		};
		885B778C2097245000534DD7 /* Views */ = {
			isa = PBXGroup;
			children = (
				88CA58EF207A0C8E00D5646C /* UserCircle.xib */,
				88CA58F1207A150B00D5646C /* UserCircle.swift */,
				8869151D20517ED40045D3F0 /* MessageView.swift */,
				884AF9352049FBB400A4A045 /* ProfileView.swift */,
				881AD48D20515690002503BF /* CircleView.swift */,
			);
			path = Views;
			sourceTree = "<group>";
		};
		885B778D2097246200534DD7 /* TextViews */ = {
			isa = PBXGroup;
			children = (
				8869D22D20792B2A0021ACEC /* EditTextView.swift */,
			);
			path = TextViews;
			sourceTree = "<group>";
		};
		885B778E2097247400534DD7 /* ImageViews */ = {
			isa = PBXGroup;
			children = (
				88BF08372051322C00B08C69 /* RoundImage.swift */,
			);
			path = ImageViews;
			sourceTree = "<group>";
		};
		885B7790209725C600534DD7 /* TCConversationList Cells */ = {
			isa = PBXGroup;
			children = (
				88A3EBE82054668800CC5FD7 /* ITCConversationCellConfiguration.swift */,
				88FF788020960B28005A3F45 /* TCConversationCell.swift */,
				88FF78A120968DD0005A3F45 /* TCInformationCell.swift */,
				885B777E2097193000534DD7 /* TCInformationCell.xib */,
				88FF787C20960980005A3F45 /* TCConversationCell.xib */,
			);
			path = "TCConversationList Cells";
			sourceTree = "<group>";
		};
		885B7792209726B400534DD7 /* TCProfile Cells */ = {
			isa = PBXGroup;
			children = (
				8869D22B207921030021ACEC /* TCProfileCells.swift */,
				885B77702097144500534DD7 /* TCProfilePhotoCell.xib */,
				885B77722097144D00534DD7 /* TCProfileNameCell.xib */,
				885B77742097145400534DD7 /* TCProfileDescriptionCell.xib */,
				885B77762097145B00534DD7 /* TCProfileEdittingPhotoCell.xib */,
				885B77782097146200534DD7 /* TCProfileEdittingNameCell.xib */,
				885B777A2097146B00534DD7 /* TCProfileEdittingDescriptionCell.xib */,
				885B777C2097147200534DD7 /* TCProfileHeaderCell.xib */,
			);
			path = "TCProfile Cells";
			sourceTree = "<group>";
		};
		885B77932097349700534DD7 /* TCConversation Cells */ = {
			isa = PBXGroup;
			children = (
				88A3EBEA205466B000CC5FD7 /* ITCMessageCellConfiguration.swift */,
				88FF789F20968496005A3F45 /* TCMessageCell.swift */,
				88FF78992096843E005A3F45 /* TCInputMessageCell.xib */,
				88FF789B20968449005A3F45 /* TCOutputMessageCell.xib */,
				88FF78972096842E005A3F45 /* TCNoMessagesCell.xib */,
				88FF789D20968468005A3F45 /* TCNewMessagesCell.xib */,
			);
			path = "TCConversation Cells";
			sourceTree = "<group>";
		};
		8892FBE020548DBA00D851E3 /* Utilites */ = {
			isa = PBXGroup;
			children = (
				88144CDF204329EA0035CB07 /* Log.swift */,
				88B96C022053307900C4961C /* DateFunctions.swift */,
			);
			path = Utilites;
			sourceTree = "<group>";
		};
		88BF083020512ACB00B08C69 /* Custom elements */ = {
			isa = PBXGroup;
			children = (
				885B778C2097245000534DD7 /* Views */,
				885B778E2097247400534DD7 /* ImageViews */,
				885B778D2097246200534DD7 /* TextViews */,
				885B778B2097240000534DD7 /* Buttons */,
			);
			path = "Custom elements";
			sourceTree = "<group>";
		};
		88DBB0222041BB0C005EDA8B = {
			isa = PBXGroup;
			children = (
				88DBB02D2041BB0C005EDA8B /* TinkoffChat */,
				882CB4ED208F913C00538AC0 /* CoreDataTests */,
				88DBB02C2041BB0C005EDA8B /* Products */,
			);
			sourceTree = "<group>";
		};
		88DBB02C2041BB0C005EDA8B /* Products */ = {
			isa = PBXGroup;
			children = (
				88DBB02B2041BB0C005EDA8B /* TinkoffChat.app */,
				882CB4EC208F913C00538AC0 /* CoreDataTests.xctest */,
			);
			name = Products;
			sourceTree = "<group>";
		};
		88DBB02D2041BB0C005EDA8B /* TinkoffChat */ = {
			isa = PBXGroup;
			children = (
				880C287E2092657100BFD30D /* 1 Presentation */,
				880C287F2092658400BFD30D /* 2 Services */,
				880C28802092658D00BFD30D /* 3 Core */,
				88DBB02E2041BB0C005EDA8B /* AppDelegate.swift */,
				880C288520926D1600BFD30D /* TCRootAssembly.swift */,
				88DBB0382041BB0C005EDA8B /* Assets.xcassets */,
				88DBB03D2041BB0C005EDA8B /* Info.plist */,
				88DBB03A2041BB0C005EDA8B /* LaunchScreen.storyboard */,
				8892FBE020548DBA00D851E3 /* Utilites */,
			);
			path = TinkoffChat;
			sourceTree = "<group>";
		};
		88E20024209B5420008DEEDF /* TCInternetImages */ = {
			isa = PBXGroup;
			children = (
				884724F520AB2668006144F2 /* TCInternetImagesModel.swift */,
				88E20025209B54DA008DEEDF /* TCInternetImagesViewController.swift */,
				88E2002B209B5A17008DEEDF /* TCInternetImagesCell.swift */,
				88E2002D209B5A25008DEEDF /* TCInternetImagesCell.xib */,
				88E20026209B54DA008DEEDF /* TCInternetImages.xib */,
			);
			path = TCInternetImages;
			sourceTree = "<group>";
		};
		88FF788820964610005A3F45 /* TCConversationList */ = {
			isa = PBXGroup;
			children = (
				885B7790209725C600534DD7 /* TCConversationList Cells */,
				887F2E5D209836A800DFCC08 /* TCConversationListModel.swift */,
				88FF785C2095D710005A3F45 /* TCConversationListViewController.swift */,
				88FF787E20960A32005A3F45 /* TCConversationListDataSource.swift */,
				88FF78642095D92D005A3F45 /* TCConversationList.xib */,
			);
			path = TCConversationList;
			sourceTree = "<group>";
		};
		88FF788920964626005A3F45 /* TCConversation */ = {
			isa = PBXGroup;
			children = (
				885B77932097349700534DD7 /* TCConversation Cells */,
				887F2E5F20983EEB00DFCC08 /* TCConversationModel.swift */,
				88FF785E2095D73D005A3F45 /* TCConversationViewController.swift */,
				88FF78662095D939005A3F45 /* TCConversation.xib */,
			);
			path = TCConversation;
			sourceTree = "<group>";
		};
		88FF788A20964654005A3F45 /* TCProfile */ = {
			isa = PBXGroup;
			children = (
				885B7792209726B400534DD7 /* TCProfile Cells */,
				8880159B209B21C500EC17B1 /* TCProfileModel.swift */,
				88FF78602095D74C005A3F45 /* TCProfileViewController.swift */,
				885B776A209712D600534DD7 /* TCProfileTableView.swift */,
				88FF78682095D940005A3F45 /* TCProfile.xib */,
			);
			path = TCProfile;
			sourceTree = "<group>";
		};
		88FF788B2096465E005A3F45 /* TCThemes */ = {
			isa = PBXGroup;
			children = (
				88FF78622095D754005A3F45 /* TCThemesViewController.swift */,
				884724F320A83608006144F2 /* TCThemesViewControllerDelegate.swift */,
				88FF786A2095D956005A3F45 /* TCThemes.xib */,
			);
			path = TCThemes;
			sourceTree = "<group>";
		};
/* End PBXGroup section */

/* Begin PBXNativeTarget section */
		882CB4EB208F913C00538AC0 /* CoreDataTests */ = {
			isa = PBXNativeTarget;
			buildConfigurationList = 882CB4F3208F913C00538AC0 /* Build configuration list for PBXNativeTarget "CoreDataTests" */;
			buildPhases = (
				882CB4E8208F913C00538AC0 /* Sources */,
				882CB4E9208F913C00538AC0 /* Frameworks */,
				882CB4EA208F913C00538AC0 /* Resources */,
			);
			buildRules = (
			);
			dependencies = (
				882CB4F2208F913C00538AC0 /* PBXTargetDependency */,
			);
			name = CoreDataTests;
			productName = CoreDataTests;
			productReference = 882CB4EC208F913C00538AC0 /* CoreDataTests.xctest */;
			productType = "com.apple.product-type.bundle.unit-test";
		};
		88DBB02A2041BB0C005EDA8B /* TinkoffChat */ = {
			isa = PBXNativeTarget;
			buildConfigurationList = 88DBB0402041BB0C005EDA8B /* Build configuration list for PBXNativeTarget "TinkoffChat" */;
			buildPhases = (
				88DBB0272041BB0C005EDA8B /* Sources */,
				88DBB0282041BB0C005EDA8B /* Frameworks */,
				88DBB0292041BB0C005EDA8B /* Resources */,
			);
			buildRules = (
			);
			dependencies = (
			);
			name = TinkoffChat;
			productName = TinkoffChat;
			productReference = 88DBB02B2041BB0C005EDA8B /* TinkoffChat.app */;
			productType = "com.apple.product-type.application";
		};
/* End PBXNativeTarget section */

/* Begin PBXProject section */
		88DBB0232041BB0C005EDA8B /* Project object */ = {
			isa = PBXProject;
			attributes = {
				LastSwiftUpdateCheck = 0920;
				LastUpgradeCheck = 0920;
				ORGANIZATIONNAME = "Андрей Зорькин";
				TargetAttributes = {
					882CB4EB208F913C00538AC0 = {
						CreatedOnToolsVersion = 9.2;
						ProvisioningStyle = Automatic;
						TestTargetID = 88DBB02A2041BB0C005EDA8B;
					};
					88DBB02A2041BB0C005EDA8B = {
						CreatedOnToolsVersion = 9.2;
						LastSwiftMigration = 0920;
						ProvisioningStyle = Automatic;
					};
				};
			};
			buildConfigurationList = 88DBB0262041BB0C005EDA8B /* Build configuration list for PBXProject "TinkoffChat" */;
			compatibilityVersion = "Xcode 8.0";
			developmentRegion = en;
			hasScannedForEncodings = 0;
			knownRegions = (
				en,
				Base,
			);
			mainGroup = 88DBB0222041BB0C005EDA8B;
			productRefGroup = 88DBB02C2041BB0C005EDA8B /* Products */;
			projectDirPath = "";
			projectRoot = "";
			targets = (
				88DBB02A2041BB0C005EDA8B /* TinkoffChat */,
				882CB4EB208F913C00538AC0 /* CoreDataTests */,
			);
		};
/* End PBXProject section */

/* Begin PBXResourcesBuildPhase section */
		882CB4EA208F913C00538AC0 /* Resources */ = {
			isa = PBXResourcesBuildPhase;
			buildActionMask = 2147483647;
			files = (
			);
			runOnlyForDeploymentPostprocessing = 0;
		};
		88DBB0292041BB0C005EDA8B /* Resources */ = {
			isa = PBXResourcesBuildPhase;
			buildActionMask = 2147483647;
			files = (
				88E20028209B54DA008DEEDF /* TCInternetImages.xib in Resources */,
				88DBB03C2041BB0C005EDA8B /* LaunchScreen.storyboard in Resources */,
				885B777B2097146B00534DD7 /* TCProfileEdittingDescriptionCell.xib in Resources */,
				88FF789A2096843E005A3F45 /* TCInputMessageCell.xib in Resources */,
				88FF789E20968468005A3F45 /* TCNewMessagesCell.xib in Resources */,
				88CA58F0207A0C8E00D5646C /* UserCircle.xib in Resources */,
				88FF789C20968449005A3F45 /* TCOutputMessageCell.xib in Resources */,
				8835FA32205DA86A002CFA21 /* ThemesViewController.storyboard in Resources */,
				885B777D2097147200534DD7 /* TCProfileHeaderCell.xib in Resources */,
				88FF78982096842E005A3F45 /* TCNoMessagesCell.xib in Resources */,
				885B77712097144500534DD7 /* TCProfilePhotoCell.xib in Resources */,
				88FF78652095D92D005A3F45 /* TCConversationList.xib in Resources */,
				88DBB0392041BB0C005EDA8B /* Assets.xcassets in Resources */,
				885B77772097145B00534DD7 /* TCProfileEdittingPhotoCell.xib in Resources */,
				88E2002E209B5A25008DEEDF /* TCInternetImagesCell.xib in Resources */,
				885B77752097145400534DD7 /* TCProfileDescriptionCell.xib in Resources */,
				885B77792097146200534DD7 /* TCProfileEdittingNameCell.xib in Resources */,
				88FF787D20960980005A3F45 /* TCConversationCell.xib in Resources */,
				88FF78672095D939005A3F45 /* TCConversation.xib in Resources */,
				885B777F2097193000534DD7 /* TCInformationCell.xib in Resources */,
				885B77732097144D00534DD7 /* TCProfileNameCell.xib in Resources */,
				88FF786B2095D956005A3F45 /* TCThemes.xib in Resources */,
				88FF78692095D940005A3F45 /* TCProfile.xib in Resources */,
			);
			runOnlyForDeploymentPostprocessing = 0;
		};
/* End PBXResourcesBuildPhase section */

/* Begin PBXSourcesBuildPhase section */
		882CB4E8208F913C00538AC0 /* Sources */ = {
			isa = PBXSourcesBuildPhase;
			buildActionMask = 2147483647;
			files = (
				882CB4EF208F913C00538AC0 /* CoreDataTests.swift in Sources */,
			);
			runOnlyForDeploymentPostprocessing = 0;
		};
		88DBB0272041BB0C005EDA8B /* Sources */ = {
			isa = PBXSourcesBuildPhase;
			buildActionMask = 2147483647;
			files = (
				885B778120971F2B00534DD7 /* ITCPresentationAssembly.swift in Sources */,
				88FF789420966DD9005A3F45 /* TCCoreDataStack.swift in Sources */,
				880C289B209280FB00BFD30D /* ITCCommunicatorDelegate.swift in Sources */,
				880C288C20926D8500BFD30D /* TCServicesAssembly.swift in Sources */,
				885B776B209712D600534DD7 /* TCProfileTableView.swift in Sources */,
				880C288E20926DCD00BFD30D /* TCPresentationAssembly.swift in Sources */,
				884724F420A83608006144F2 /* TCThemesViewControllerDelegate.swift in Sources */,
				8869D22C207921030021ACEC /* TCProfileCells.swift in Sources */,
				88FF785D2095D710005A3F45 /* TCConversationListViewController.swift in Sources */,
				8847250020AB42D3006144F2 /* ITCDataLoader.swift in Sources */,
				884AF9382049FC9C00A4A045 /* DesignConstants.swift in Sources */,
				880C288920926D4600BFD30D /* TCCoreAssembly.swift in Sources */,
				88E2002C209B5A17008DEEDF /* TCInternetImagesCell.swift in Sources */,
				884AF9362049FBB400A4A045 /* ProfileView.swift in Sources */,
				8869D22E20792B2A0021ACEC /* EditTextView.swift in Sources */,
				880C288620926D1600BFD30D /* TCRootAssembly.swift in Sources */,
				882CB4C9208F7CC500538AC0 /* EntitiesExtensions.swift in Sources */,
				880C289D2092816C00BFD30D /* TCCommunicator.swift in Sources */,
				8847250820AB496E006144F2 /* ITCInternetImagesManagerDelegate.swift in Sources */,
				887F2E6020983EEB00DFCC08 /* TCConversationModel.swift in Sources */,
				885B778520971F6700534DD7 /* ITCCoreAssembly.swift in Sources */,
				884724F620AB2668006144F2 /* TCInternetImagesModel.swift in Sources */,
				88FF788120960B28005A3F45 /* TCConversationCell.swift in Sources */,
				88FF787F20960A32005A3F45 /* TCConversationListDataSource.swift in Sources */,
				88FF785F2095D73D005A3F45 /* TCConversationViewController.swift in Sources */,
				88144CE0204329EA0035CB07 /* Log.swift in Sources */,
				8847250620AB4799006144F2 /* ITCDataLoaderDelegate.swift in Sources */,
				88FF78632095D754005A3F45 /* TCThemesViewController.swift in Sources */,
				8835FA2A205D9A47002CFA21 /* ThemesViewController.m in Sources */,
				88FF786D2095DB1B005A3F45 /* TCNibNames.swift in Sources */,
				8847250420AB43E2006144F2 /* TCDataLoader.swift in Sources */,
				88B96C032053307900C4961C /* DateFunctions.swift in Sources */,
				8835FA2D205D9BED002CFA21 /* Themes.m in Sources */,
				884AF9342049F71000A4A045 /* EditButton.swift in Sources */,
				88A3EBEB205466B000CC5FD7 /* ITCMessageCellConfiguration.swift in Sources */,
				88E20027209B54DA008DEEDF /* TCInternetImagesViewController.swift in Sources */,
				884AF9322049EC2700A4A045 /* ChangeProfileImageButton.swift in Sources */,
				88FF78612095D74C005A3F45 /* TCProfileViewController.swift in Sources */,
				884724FA20AB4155006144F2 /* ITCInternetImagesManager.swift in Sources */,
				88A3EBE92054668800CC5FD7 /* ITCConversationCellConfiguration.swift in Sources */,
				88616CA62092887500100F90 /* ITCManagerDelegate.swift in Sources */,
				88A030D9207AB4C9008C297A /* ColorButton.swift in Sources */,
				88DBB02F2041BB0C005EDA8B /* AppDelegate.swift in Sources */,
				881AD48E20515690002503BF /* CircleView.swift in Sources */,
				880C28932092756900BFD30D /* TCManager.swift in Sources */,
				880C2891209274F200BFD30D /* ITCManager.swift in Sources */,
				880C289F2092817F00BFD30D /* TCStorage.swift in Sources */,
				8869151E20517ED40045D3F0 /* MessageView.swift in Sources */,
				887F2E5E209836A800DFCC08 /* TCConversationListModel.swift in Sources */,
				88FF78A220968DD0005A3F45 /* TCInformationCell.swift in Sources */,
				880C288420926BCF00BFD30D /* ITCStorage.swift in Sources */,
				88FF78A020968496005A3F45 /* TCMessageCell.swift in Sources */,
				88CA58F2207A150B00D5646C /* UserCircle.swift in Sources */,
				884724FC20AB41A4006144F2 /* TCInternetImagesManager.swift in Sources */,
				885B778320971F4700534DD7 /* ITCServicesAssembly.swift in Sources */,
				88BF08382051322C00B08C69 /* RoundImage.swift in Sources */,
				880C288220926B9F00BFD30D /* ITCCommunicator.swift in Sources */,
				888DED592080249A00B95022 /* Storage.xcdatamodeld in Sources */,
				8880159C209B21C500EC17B1 /* TCProfileModel.swift in Sources */,
				884724F820AB3F17006144F2 /* ITCNetwork.swift in Sources */,
			);
			runOnlyForDeploymentPostprocessing = 0;
		};
/* End PBXSourcesBuildPhase section */

/* Begin PBXTargetDependency section */
		882CB4F2208F913C00538AC0 /* PBXTargetDependency */ = {
			isa = PBXTargetDependency;
			target = 88DBB02A2041BB0C005EDA8B /* TinkoffChat */;
			targetProxy = 882CB4F1208F913C00538AC0 /* PBXContainerItemProxy */;
		};
/* End PBXTargetDependency section */

/* Begin PBXVariantGroup section */
		88DBB03A2041BB0C005EDA8B /* LaunchScreen.storyboard */ = {
			isa = PBXVariantGroup;
			children = (
				88DBB03B2041BB0C005EDA8B /* Base */,
			);
			name = LaunchScreen.storyboard;
			sourceTree = "<group>";
		};
/* End PBXVariantGroup section */

/* Begin XCBuildConfiguration section */
		882CB4F4208F913C00538AC0 /* Debug */ = {
			isa = XCBuildConfiguration;
			buildSettings = {
				BUNDLE_LOADER = "$(TEST_HOST)";
				CLANG_ENABLE_OBJC_ARC = YES;
				CODE_SIGN_STYLE = Automatic;
				DEVELOPMENT_TEAM = 68427LK7H9;
				INFOPLIST_FILE = CoreDataTests/Info.plist;
				IPHONEOS_DEPLOYMENT_TARGET = 11.2;
				LD_RUNPATH_SEARCH_PATHS = "$(inherited) @executable_path/Frameworks @loader_path/Frameworks";
				PRODUCT_BUNDLE_IDENTIFIER = zooorkin.CoreDataTests;
				PRODUCT_NAME = "$(TARGET_NAME)";
				SWIFT_VERSION = 4.0;
				TARGETED_DEVICE_FAMILY = "1,2";
				TEST_HOST = "$(BUILT_PRODUCTS_DIR)/TinkoffChat.app/TinkoffChat";
			};
			name = Debug;
		};
		882CB4F5208F913C00538AC0 /* Release */ = {
			isa = XCBuildConfiguration;
			buildSettings = {
				BUNDLE_LOADER = "$(TEST_HOST)";
				CLANG_ENABLE_OBJC_ARC = YES;
				CODE_SIGN_STYLE = Automatic;
				DEVELOPMENT_TEAM = 68427LK7H9;
				INFOPLIST_FILE = CoreDataTests/Info.plist;
				IPHONEOS_DEPLOYMENT_TARGET = 11.2;
				LD_RUNPATH_SEARCH_PATHS = "$(inherited) @executable_path/Frameworks @loader_path/Frameworks";
				PRODUCT_BUNDLE_IDENTIFIER = zooorkin.CoreDataTests;
				PRODUCT_NAME = "$(TARGET_NAME)";
				SWIFT_VERSION = 4.0;
				TARGETED_DEVICE_FAMILY = "1,2";
				TEST_HOST = "$(BUILT_PRODUCTS_DIR)/TinkoffChat.app/TinkoffChat";
			};
			name = Release;
		};
		88DBB03E2041BB0C005EDA8B /* Debug */ = {
			isa = XCBuildConfiguration;
			buildSettings = {
				ALWAYS_SEARCH_USER_PATHS = NO;
				CLANG_ANALYZER_NONNULL = YES;
				CLANG_ANALYZER_NUMBER_OBJECT_CONVERSION = YES_AGGRESSIVE;
				CLANG_CXX_LANGUAGE_STANDARD = "gnu++14";
				CLANG_CXX_LIBRARY = "libc++";
				CLANG_ENABLE_MODULES = YES;
				CLANG_ENABLE_OBJC_ARC = NO;
				CLANG_WARN_BLOCK_CAPTURE_AUTORELEASING = YES;
				CLANG_WARN_BOOL_CONVERSION = YES;
				CLANG_WARN_COMMA = YES;
				CLANG_WARN_CONSTANT_CONVERSION = YES;
				CLANG_WARN_DIRECT_OBJC_ISA_USAGE = YES_ERROR;
				CLANG_WARN_DOCUMENTATION_COMMENTS = YES;
				CLANG_WARN_EMPTY_BODY = YES;
				CLANG_WARN_ENUM_CONVERSION = YES;
				CLANG_WARN_INFINITE_RECURSION = YES;
				CLANG_WARN_INT_CONVERSION = YES;
				CLANG_WARN_NON_LITERAL_NULL_CONVERSION = YES;
				CLANG_WARN_OBJC_LITERAL_CONVERSION = YES;
				CLANG_WARN_OBJC_ROOT_CLASS = YES_ERROR;
				CLANG_WARN_RANGE_LOOP_ANALYSIS = YES;
				CLANG_WARN_STRICT_PROTOTYPES = YES;
				CLANG_WARN_SUSPICIOUS_MOVE = YES;
				CLANG_WARN_UNGUARDED_AVAILABILITY = YES_AGGRESSIVE;
				CLANG_WARN_UNREACHABLE_CODE = YES;
				CLANG_WARN__DUPLICATE_METHOD_MATCH = YES;
				CODE_SIGN_IDENTITY = "iPhone Developer";
				COPY_PHASE_STRIP = NO;
				DEBUG_INFORMATION_FORMAT = dwarf;
				ENABLE_STRICT_OBJC_MSGSEND = YES;
				ENABLE_TESTABILITY = YES;
				GCC_C_LANGUAGE_STANDARD = gnu11;
				GCC_DYNAMIC_NO_PIC = NO;
				GCC_NO_COMMON_BLOCKS = YES;
				GCC_OPTIMIZATION_LEVEL = 0;
				GCC_PREPROCESSOR_DEFINITIONS = (
					"DEBUG=1",
					"$(inherited)",
				);
				GCC_WARN_64_TO_32_BIT_CONVERSION = YES;
				GCC_WARN_ABOUT_RETURN_TYPE = YES_ERROR;
				GCC_WARN_UNDECLARED_SELECTOR = YES;
				GCC_WARN_UNINITIALIZED_AUTOS = YES_AGGRESSIVE;
				GCC_WARN_UNUSED_FUNCTION = YES;
				GCC_WARN_UNUSED_VARIABLE = YES;
				IPHONEOS_DEPLOYMENT_TARGET = 9.0;
				MTL_ENABLE_DEBUG_INFO = YES;
				ONLY_ACTIVE_ARCH = YES;
				SDKROOT = iphoneos;
				SWIFT_ACTIVE_COMPILATION_CONDITIONS = DEBUG;
				SWIFT_INSTALL_OBJC_HEADER = YES;
				SWIFT_OPTIMIZATION_LEVEL = "-Onone";
			};
			name = Debug;
		};
		88DBB03F2041BB0C005EDA8B /* Release */ = {
			isa = XCBuildConfiguration;
			buildSettings = {
				ALWAYS_SEARCH_USER_PATHS = NO;
				CLANG_ANALYZER_NONNULL = YES;
				CLANG_ANALYZER_NUMBER_OBJECT_CONVERSION = YES_AGGRESSIVE;
				CLANG_CXX_LANGUAGE_STANDARD = "gnu++14";
				CLANG_CXX_LIBRARY = "libc++";
				CLANG_ENABLE_MODULES = YES;
				CLANG_ENABLE_OBJC_ARC = NO;
				CLANG_WARN_BLOCK_CAPTURE_AUTORELEASING = YES;
				CLANG_WARN_BOOL_CONVERSION = YES;
				CLANG_WARN_COMMA = YES;
				CLANG_WARN_CONSTANT_CONVERSION = YES;
				CLANG_WARN_DIRECT_OBJC_ISA_USAGE = YES_ERROR;
				CLANG_WARN_DOCUMENTATION_COMMENTS = YES;
				CLANG_WARN_EMPTY_BODY = YES;
				CLANG_WARN_ENUM_CONVERSION = YES;
				CLANG_WARN_INFINITE_RECURSION = YES;
				CLANG_WARN_INT_CONVERSION = YES;
				CLANG_WARN_NON_LITERAL_NULL_CONVERSION = YES;
				CLANG_WARN_OBJC_LITERAL_CONVERSION = YES;
				CLANG_WARN_OBJC_ROOT_CLASS = YES_ERROR;
				CLANG_WARN_RANGE_LOOP_ANALYSIS = YES;
				CLANG_WARN_STRICT_PROTOTYPES = YES;
				CLANG_WARN_SUSPICIOUS_MOVE = YES;
				CLANG_WARN_UNGUARDED_AVAILABILITY = YES_AGGRESSIVE;
				CLANG_WARN_UNREACHABLE_CODE = YES;
				CLANG_WARN__DUPLICATE_METHOD_MATCH = YES;
				CODE_SIGN_IDENTITY = "iPhone Developer";
				COPY_PHASE_STRIP = NO;
				DEBUG_INFORMATION_FORMAT = "dwarf-with-dsym";
				ENABLE_NS_ASSERTIONS = NO;
				ENABLE_STRICT_OBJC_MSGSEND = YES;
				GCC_C_LANGUAGE_STANDARD = gnu11;
				GCC_NO_COMMON_BLOCKS = YES;
				GCC_WARN_64_TO_32_BIT_CONVERSION = YES;
				GCC_WARN_ABOUT_RETURN_TYPE = YES_ERROR;
				GCC_WARN_UNDECLARED_SELECTOR = YES;
				GCC_WARN_UNINITIALIZED_AUTOS = YES_AGGRESSIVE;
				GCC_WARN_UNUSED_FUNCTION = YES;
				GCC_WARN_UNUSED_VARIABLE = YES;
				IPHONEOS_DEPLOYMENT_TARGET = 9.0;
				MTL_ENABLE_DEBUG_INFO = NO;
				SDKROOT = iphoneos;
				SWIFT_INSTALL_OBJC_HEADER = YES;
				SWIFT_OPTIMIZATION_LEVEL = "-Owholemodule";
				VALIDATE_PRODUCT = YES;
			};
			name = Release;
		};
		88DBB0412041BB0C005EDA8B /* Debug */ = {
			isa = XCBuildConfiguration;
			buildSettings = {
				ASSETCATALOG_COMPILER_APPICON_NAME = AppIcon;
				CLANG_ENABLE_MODULES = YES;
				CODE_SIGN_STYLE = Automatic;
				DEVELOPMENT_TEAM = 68427LK7H9;
				INFOPLIST_FILE = TinkoffChat/Info.plist;
				IPHONEOS_DEPLOYMENT_TARGET = 9.0;
				LD_RUNPATH_SEARCH_PATHS = "$(inherited) @executable_path/Frameworks";
				PRODUCT_BUNDLE_IDENTIFIER = ru.zooorkin.TinkoffChat;
				PRODUCT_NAME = "$(TARGET_NAME)";
				SWIFT_INSTALL_OBJC_HEADER = NO;
				SWIFT_OBJC_BRIDGING_HEADER = "TinkoffChat/1 Presentation/Implementations/ThemesViewController/TinkoffChat-Bridging-Header.h";
				SWIFT_OPTIMIZATION_LEVEL = "-Onone";
				SWIFT_PRECOMPILE_BRIDGING_HEADER = NO;
				SWIFT_VERSION = 4.0;
				TARGETED_DEVICE_FAMILY = "1,2";
			};
			name = Debug;
		};
		88DBB0422041BB0C005EDA8B /* Release */ = {
			isa = XCBuildConfiguration;
			buildSettings = {
				ASSETCATALOG_COMPILER_APPICON_NAME = AppIcon;
				CLANG_ENABLE_MODULES = YES;
				CODE_SIGN_STYLE = Automatic;
				DEVELOPMENT_TEAM = 68427LK7H9;
				INFOPLIST_FILE = TinkoffChat/Info.plist;
				IPHONEOS_DEPLOYMENT_TARGET = 9.0;
				LD_RUNPATH_SEARCH_PATHS = "$(inherited) @executable_path/Frameworks";
				PRODUCT_BUNDLE_IDENTIFIER = ru.zooorkin.TinkoffChat;
				PRODUCT_NAME = "$(TARGET_NAME)";
				SWIFT_INSTALL_OBJC_HEADER = NO;
				SWIFT_OBJC_BRIDGING_HEADER = "TinkoffChat/1 Presentation/Implementations/ThemesViewController/TinkoffChat-Bridging-Header.h";
				SWIFT_PRECOMPILE_BRIDGING_HEADER = NO;
				SWIFT_VERSION = 4.0;
				TARGETED_DEVICE_FAMILY = "1,2";
			};
			name = Release;
		};
/* End XCBuildConfiguration section */

/* Begin XCConfigurationList section */
		882CB4F3208F913C00538AC0 /* Build configuration list for PBXNativeTarget "CoreDataTests" */ = {
			isa = XCConfigurationList;
			buildConfigurations = (
				882CB4F4208F913C00538AC0 /* Debug */,
				882CB4F5208F913C00538AC0 /* Release */,
			);
			defaultConfigurationIsVisible = 0;
			defaultConfigurationName = Release;
		};
		88DBB0262041BB0C005EDA8B /* Build configuration list for PBXProject "TinkoffChat" */ = {
			isa = XCConfigurationList;
			buildConfigurations = (
				88DBB03E2041BB0C005EDA8B /* Debug */,
				88DBB03F2041BB0C005EDA8B /* Release */,
			);
			defaultConfigurationIsVisible = 0;
			defaultConfigurationName = Release;
		};
		88DBB0402041BB0C005EDA8B /* Build configuration list for PBXNativeTarget "TinkoffChat" */ = {
			isa = XCConfigurationList;
			buildConfigurations = (
				88DBB0412041BB0C005EDA8B /* Debug */,
				88DBB0422041BB0C005EDA8B /* Release */,
			);
			defaultConfigurationIsVisible = 0;
			defaultConfigurationName = Release;
		};
/* End XCConfigurationList section */

/* Begin XCVersionGroup section */
		888DED572080249A00B95022 /* Storage.xcdatamodeld */ = {
			isa = XCVersionGroup;
			children = (
				888DED582080249A00B95022 /* TinkoffChat.xcdatamodel */,
			);
			currentVersion = 888DED582080249A00B95022 /* TinkoffChat.xcdatamodel */;
			path = Storage.xcdatamodeld;
			sourceTree = "<group>";
			versionGroupType = wrapper.xcdatamodel;
		};
/* End XCVersionGroup section */
	};
	rootObject = 88DBB0232041BB0C005EDA8B /* Project object */;
}
