// !$*UTF8*$!
{
	archiveVersion = 1;
	classes = {
	};
	objectVersion = 48;
	objects = {

/* Begin PBXBuildFile section */
		88144CE0204329EA0035CB07 /* Log.swift in Sources */ = {isa = PBXBuildFile; fileRef = 88144CDF204329EA0035CB07 /* Log.swift */; };
		881AD48E20515690002503BF /* CircleView.swift in Sources */ = {isa = PBXBuildFile; fileRef = 881AD48D20515690002503BF /* CircleView.swift */; };
		881AD4902051677B002503BF /* RandomDataFunctions.swift in Sources */ = {isa = PBXBuildFile; fileRef = 881AD48F2051677B002503BF /* RandomDataFunctions.swift */; };
		8835FA2A205D9A47002CFA21 /* ThemesViewController.m in Sources */ = {isa = PBXBuildFile; fileRef = 8835FA29205D9A47002CFA21 /* ThemesViewController.m */; };
		8835FA2D205D9BED002CFA21 /* Themes.m in Sources */ = {isa = PBXBuildFile; fileRef = 8835FA2C205D9BED002CFA21 /* Themes.m */; };
		8835FA32205DA86A002CFA21 /* ThemesViewController.storyboard in Resources */ = {isa = PBXBuildFile; fileRef = 8835FA31205DA86A002CFA21 /* ThemesViewController.storyboard */; };
		884AF92B2049E32D00A4A045 /* Profile.storyboard in Resources */ = {isa = PBXBuildFile; fileRef = 884AF9292049E32D00A4A045 /* Profile.storyboard */; };
		884AF92D2049E38200A4A045 /* ProfileViewController.swift in Sources */ = {isa = PBXBuildFile; fileRef = 884AF92C2049E38200A4A045 /* ProfileViewController.swift */; };
		884AF9322049EC2700A4A045 /* ChangeProfileImageButton.swift in Sources */ = {isa = PBXBuildFile; fileRef = 884AF9312049EC2700A4A045 /* ChangeProfileImageButton.swift */; };
		884AF9342049F71000A4A045 /* EditButton.swift in Sources */ = {isa = PBXBuildFile; fileRef = 884AF9332049F71000A4A045 /* EditButton.swift */; };
		884AF9362049FBB400A4A045 /* ProfileView.swift in Sources */ = {isa = PBXBuildFile; fileRef = 884AF9352049FBB400A4A045 /* ProfileView.swift */; };
		884AF9382049FC9C00A4A045 /* DesignConstants.swift in Sources */ = {isa = PBXBuildFile; fileRef = 884AF9372049FC9C00A4A045 /* DesignConstants.swift */; };
		8869151920517E1E0045D3F0 /* ConversationViewController.swift in Sources */ = {isa = PBXBuildFile; fileRef = 8869151820517E1E0045D3F0 /* ConversationViewController.swift */; };
		8869151C20517E3A0045D3F0 /* Conversation.storyboard in Resources */ = {isa = PBXBuildFile; fileRef = 8869151B20517E3A0045D3F0 /* Conversation.storyboard */; };
		8869151E20517ED40045D3F0 /* Message.swift in Sources */ = {isa = PBXBuildFile; fileRef = 8869151D20517ED40045D3F0 /* Message.swift */; };
		88691520205182580045D3F0 /* MessageCell.swift in Sources */ = {isa = PBXBuildFile; fileRef = 8869151F205182580045D3F0 /* MessageCell.swift */; };
		88A3EBE92054668800CC5FD7 /* ConversationCellConfiguration.swift in Sources */ = {isa = PBXBuildFile; fileRef = 88A3EBE82054668800CC5FD7 /* ConversationCellConfiguration.swift */; };
		88A3EBEB205466B000CC5FD7 /* MessageCellConfiguration.swift in Sources */ = {isa = PBXBuildFile; fileRef = 88A3EBEA205466B000CC5FD7 /* MessageCellConfiguration.swift */; };
		88A3EBED20548A5600CC5FD7 /* Data.swift in Sources */ = {isa = PBXBuildFile; fileRef = 88A3EBEC20548A5600CC5FD7 /* Data.swift */; };
		88B96C032053307900C4961C /* DateFunctions.swift in Sources */ = {isa = PBXBuildFile; fileRef = 88B96C022053307900C4961C /* DateFunctions.swift */; };
		88B96C0520534D2700C4961C /* MessageController.storyboard in Resources */ = {isa = PBXBuildFile; fileRef = 88B96C0420534D2700C4961C /* MessageController.storyboard */; };
		88B96C0920534DB000C4961C /* MessageController.swift in Sources */ = {isa = PBXBuildFile; fileRef = 88B96C0820534DB000C4961C /* MessageController.swift */; };
		88BF082F20512AA900B08C69 /* ConversationsListViewController.swift in Sources */ = {isa = PBXBuildFile; fileRef = 88BF082E20512AA900B08C69 /* ConversationsListViewController.swift */; };
		88BF083220512AE000B08C69 /* ConversationsList.storyboard in Resources */ = {isa = PBXBuildFile; fileRef = 88BF083120512AE000B08C69 /* ConversationsList.storyboard */; };
		88BF08342051318E00B08C69 /* ConversationCell.swift in Sources */ = {isa = PBXBuildFile; fileRef = 88BF08332051318E00B08C69 /* ConversationCell.swift */; };
		88BF08382051322C00B08C69 /* RoundImage.swift in Sources */ = {isa = PBXBuildFile; fileRef = 88BF08372051322C00B08C69 /* RoundImage.swift */; };
		88DBB02F2041BB0C005EDA8B /* AppDelegate.swift in Sources */ = {isa = PBXBuildFile; fileRef = 88DBB02E2041BB0C005EDA8B /* AppDelegate.swift */; };
		88DBB0312041BB0C005EDA8B /* ViewController.swift in Sources */ = {isa = PBXBuildFile; fileRef = 88DBB0302041BB0C005EDA8B /* ViewController.swift */; };
		88DBB0342041BB0C005EDA8B /* Main.storyboard in Resources */ = {isa = PBXBuildFile; fileRef = 88DBB0322041BB0C005EDA8B /* Main.storyboard */; };
		88DBB0372041BB0C005EDA8B /* TinkoffChat.xcdatamodeld in Sources */ = {isa = PBXBuildFile; fileRef = 88DBB0352041BB0C005EDA8B /* TinkoffChat.xcdatamodeld */; };
		88DBB0392041BB0C005EDA8B /* Assets.xcassets in Resources */ = {isa = PBXBuildFile; fileRef = 88DBB0382041BB0C005EDA8B /* Assets.xcassets */; };
		88DBB03C2041BB0C005EDA8B /* LaunchScreen.storyboard in Resources */ = {isa = PBXBuildFile; fileRef = 88DBB03A2041BB0C005EDA8B /* LaunchScreen.storyboard */; };
/* End PBXBuildFile section */

/* Begin PBXFileReference section */
		88144CDF204329EA0035CB07 /* Log.swift */ = {isa = PBXFileReference; lastKnownFileType = sourcecode.swift; path = Log.swift; sourceTree = "<group>"; };
		881AD48D20515690002503BF /* CircleView.swift */ = {isa = PBXFileReference; lastKnownFileType = sourcecode.swift; path = CircleView.swift; sourceTree = "<group>"; };
		881AD48F2051677B002503BF /* RandomDataFunctions.swift */ = {isa = PBXFileReference; lastKnownFileType = sourcecode.swift; path = RandomDataFunctions.swift; sourceTree = "<group>"; };
		8835FA27205D9A47002CFA21 /* TinkoffChat-Bridging-Header.h */ = {isa = PBXFileReference; lastKnownFileType = sourcecode.c.h; path = "TinkoffChat-Bridging-Header.h"; sourceTree = "<group>"; };
		8835FA28205D9A47002CFA21 /* ThemesViewController.h */ = {isa = PBXFileReference; lastKnownFileType = sourcecode.c.h; path = ThemesViewController.h; sourceTree = "<group>"; };
		8835FA29205D9A47002CFA21 /* ThemesViewController.m */ = {isa = PBXFileReference; lastKnownFileType = sourcecode.c.objc; path = ThemesViewController.m; sourceTree = "<group>"; };
		8835FA2B205D9BED002CFA21 /* Themes.h */ = {isa = PBXFileReference; lastKnownFileType = sourcecode.c.h; path = Themes.h; sourceTree = "<group>"; };
		8835FA2C205D9BED002CFA21 /* Themes.m */ = {isa = PBXFileReference; lastKnownFileType = sourcecode.c.objc; path = Themes.m; sourceTree = "<group>"; };
		8835FA31205DA86A002CFA21 /* ThemesViewController.storyboard */ = {isa = PBXFileReference; lastKnownFileType = file.storyboard; path = ThemesViewController.storyboard; sourceTree = "<group>"; };
		884AF92A2049E32D00A4A045 /* Base */ = {isa = PBXFileReference; lastKnownFileType = file.storyboard; name = Base; path = Base.lproj/Profile.storyboard; sourceTree = "<group>"; };
		884AF92C2049E38200A4A045 /* ProfileViewController.swift */ = {isa = PBXFileReference; lastKnownFileType = sourcecode.swift; path = ProfileViewController.swift; sourceTree = "<group>"; };
		884AF9312049EC2700A4A045 /* ChangeProfileImageButton.swift */ = {isa = PBXFileReference; lastKnownFileType = sourcecode.swift; path = ChangeProfileImageButton.swift; sourceTree = "<group>"; };
		884AF9332049F71000A4A045 /* EditButton.swift */ = {isa = PBXFileReference; lastKnownFileType = sourcecode.swift; path = EditButton.swift; sourceTree = "<group>"; };
		884AF9352049FBB400A4A045 /* ProfileView.swift */ = {isa = PBXFileReference; lastKnownFileType = sourcecode.swift; path = ProfileView.swift; sourceTree = "<group>"; };
		884AF9372049FC9C00A4A045 /* DesignConstants.swift */ = {isa = PBXFileReference; lastKnownFileType = sourcecode.swift; path = DesignConstants.swift; sourceTree = "<group>"; };
		8869151820517E1E0045D3F0 /* ConversationViewController.swift */ = {isa = PBXFileReference; lastKnownFileType = sourcecode.swift; path = ConversationViewController.swift; sourceTree = "<group>"; };
		8869151B20517E3A0045D3F0 /* Conversation.storyboard */ = {isa = PBXFileReference; lastKnownFileType = file.storyboard; path = Conversation.storyboard; sourceTree = "<group>"; };
		8869151D20517ED40045D3F0 /* Message.swift */ = {isa = PBXFileReference; lastKnownFileType = sourcecode.swift; path = Message.swift; sourceTree = "<group>"; };
		8869151F205182580045D3F0 /* MessageCell.swift */ = {isa = PBXFileReference; lastKnownFileType = sourcecode.swift; path = MessageCell.swift; sourceTree = "<group>"; };
		88A3EBE82054668800CC5FD7 /* ConversationCellConfiguration.swift */ = {isa = PBXFileReference; lastKnownFileType = sourcecode.swift; path = ConversationCellConfiguration.swift; sourceTree = "<group>"; };
		88A3EBEA205466B000CC5FD7 /* MessageCellConfiguration.swift */ = {isa = PBXFileReference; lastKnownFileType = sourcecode.swift; path = MessageCellConfiguration.swift; sourceTree = "<group>"; };
		88A3EBEC20548A5600CC5FD7 /* Data.swift */ = {isa = PBXFileReference; lastKnownFileType = sourcecode.swift; path = Data.swift; sourceTree = "<group>"; };
		88B96C022053307900C4961C /* DateFunctions.swift */ = {isa = PBXFileReference; lastKnownFileType = sourcecode.swift; path = DateFunctions.swift; sourceTree = "<group>"; };
		88B96C0420534D2700C4961C /* MessageController.storyboard */ = {isa = PBXFileReference; lastKnownFileType = file.storyboard; path = MessageController.storyboard; sourceTree = "<group>"; };
		88B96C0820534DB000C4961C /* MessageController.swift */ = {isa = PBXFileReference; lastKnownFileType = sourcecode.swift; path = MessageController.swift; sourceTree = "<group>"; };
		88BF082E20512AA900B08C69 /* ConversationsListViewController.swift */ = {isa = PBXFileReference; lastKnownFileType = sourcecode.swift; name = ConversationsListViewController.swift; path = TinkoffChat/ConversationsList/ConversationsListViewController.swift; sourceTree = SOURCE_ROOT; };
		88BF083120512AE000B08C69 /* ConversationsList.storyboard */ = {isa = PBXFileReference; lastKnownFileType = file.storyboard; path = ConversationsList.storyboard; sourceTree = "<group>"; };
		88BF08332051318E00B08C69 /* ConversationCell.swift */ = {isa = PBXFileReference; lastKnownFileType = sourcecode.swift; path = ConversationCell.swift; sourceTree = "<group>"; };
		88BF08372051322C00B08C69 /* RoundImage.swift */ = {isa = PBXFileReference; lastKnownFileType = sourcecode.swift; path = RoundImage.swift; sourceTree = "<group>"; };
		88DBB02B2041BB0C005EDA8B /* TinkoffChat.app */ = {isa = PBXFileReference; explicitFileType = wrapper.application; includeInIndex = 0; path = TinkoffChat.app; sourceTree = BUILT_PRODUCTS_DIR; };
		88DBB02E2041BB0C005EDA8B /* AppDelegate.swift */ = {isa = PBXFileReference; lastKnownFileType = sourcecode.swift; path = AppDelegate.swift; sourceTree = "<group>"; };
		88DBB0302041BB0C005EDA8B /* ViewController.swift */ = {isa = PBXFileReference; lastKnownFileType = sourcecode.swift; path = ViewController.swift; sourceTree = "<group>"; };
		88DBB0332041BB0C005EDA8B /* Base */ = {isa = PBXFileReference; lastKnownFileType = file.storyboard; name = Base; path = Base.lproj/Main.storyboard; sourceTree = "<group>"; };
		88DBB0362041BB0C005EDA8B /* TinkoffChat.xcdatamodel */ = {isa = PBXFileReference; lastKnownFileType = wrapper.xcdatamodel; path = TinkoffChat.xcdatamodel; sourceTree = "<group>"; };
		88DBB0382041BB0C005EDA8B /* Assets.xcassets */ = {isa = PBXFileReference; lastKnownFileType = folder.assetcatalog; path = Assets.xcassets; sourceTree = "<group>"; };
		88DBB03B2041BB0C005EDA8B /* Base */ = {isa = PBXFileReference; lastKnownFileType = file.storyboard; name = Base; path = Base.lproj/LaunchScreen.storyboard; sourceTree = "<group>"; };
		88DBB03D2041BB0C005EDA8B /* Info.plist */ = {isa = PBXFileReference; lastKnownFileType = text.plist.xml; path = Info.plist; sourceTree = "<group>"; };
/* End PBXFileReference section */

/* Begin PBXFrameworksBuildPhase section */
		88DBB0282041BB0C005EDA8B /* Frameworks */ = {
			isa = PBXFrameworksBuildPhase;
			buildActionMask = 2147483647;
			files = (
			);
			runOnlyForDeploymentPostprocessing = 0;
		};
/* End PBXFrameworksBuildPhase section */

/* Begin PBXGroup section */
		8835FA26205D9785002CFA21 /* ThemesViewController */ = {
			isa = PBXGroup;
			children = (
				8835FA2B205D9BED002CFA21 /* Themes.h */,
				8835FA2C205D9BED002CFA21 /* Themes.m */,
				8835FA28205D9A47002CFA21 /* ThemesViewController.h */,
				8835FA29205D9A47002CFA21 /* ThemesViewController.m */,
				8835FA27205D9A47002CFA21 /* TinkoffChat-Bridging-Header.h */,
				8835FA31205DA86A002CFA21 /* ThemesViewController.storyboard */,
			);
			path = ThemesViewController;
			sourceTree = "<group>";
		};
		884AF92E2049E42600A4A045 /* Profile */ = {
			isa = PBXGroup;
			children = (
				884AF92C2049E38200A4A045 /* ProfileViewController.swift */,
				884AF9312049EC2700A4A045 /* ChangeProfileImageButton.swift */,
				884AF9352049FBB400A4A045 /* ProfileView.swift */,
				884AF9292049E32D00A4A045 /* Profile.storyboard */,
			);
			path = Profile;
			sourceTree = "<group>";
		};
		884AF9302049E47600A4A045 /* ViewController */ = {
			isa = PBXGroup;
			children = (
				88DBB0302041BB0C005EDA8B /* ViewController.swift */,
				88DBB0322041BB0C005EDA8B /* Main.storyboard */,
			);
			path = ViewController;
			sourceTree = "<group>";
		};
		8869151A20517E2B0045D3F0 /* Conversation */ = {
			isa = PBXGroup;
			children = (
				8869151820517E1E0045D3F0 /* ConversationViewController.swift */,
				8869151F205182580045D3F0 /* MessageCell.swift */,
				88A3EBEA205466B000CC5FD7 /* MessageCellConfiguration.swift */,
				8869151D20517ED40045D3F0 /* Message.swift */,
				8869151B20517E3A0045D3F0 /* Conversation.storyboard */,
			);
			path = Conversation;
			sourceTree = "<group>";
		};
		88691523205199130045D3F0 /* CustomUIElements */ = {
			isa = PBXGroup;
			children = (
				88BF08372051322C00B08C69 /* RoundImage.swift */,
				881AD48D20515690002503BF /* CircleView.swift */,
				884AF9332049F71000A4A045 /* EditButton.swift */,
			);
			path = CustomUIElements;
			sourceTree = "<group>";
		};
		8892FBE020548DBA00D851E3 /* Utilites */ = {
			isa = PBXGroup;
			children = (
				88144CDF204329EA0035CB07 /* Log.swift */,
				88B96C022053307900C4961C /* DateFunctions.swift */,
				881AD48F2051677B002503BF /* RandomDataFunctions.swift */,
			);
			path = Utilites;
			sourceTree = "<group>";
		};
		88B96C0A205352D100C4961C /* Message */ = {
			isa = PBXGroup;
			children = (
				88B96C0820534DB000C4961C /* MessageController.swift */,
				88B96C0420534D2700C4961C /* MessageController.storyboard */,
			);
			path = Message;
			sourceTree = "<group>";
		};
		88BF083020512ACB00B08C69 /* ConversationsList */ = {
			isa = PBXGroup;
			children = (
				88BF082E20512AA900B08C69 /* ConversationsListViewController.swift */,
				88BF08332051318E00B08C69 /* ConversationCell.swift */,
				88A3EBE82054668800CC5FD7 /* ConversationCellConfiguration.swift */,
				88BF083120512AE000B08C69 /* ConversationsList.storyboard */,
			);
			path = ConversationsList;
			sourceTree = "<group>";
		};
		88DBB0222041BB0C005EDA8B = {
			isa = PBXGroup;
			children = (
				88DBB02D2041BB0C005EDA8B /* TinkoffChat */,
				88DBB02C2041BB0C005EDA8B /* Products */,
			);
			sourceTree = "<group>";
		};
		88DBB02C2041BB0C005EDA8B /* Products */ = {
			isa = PBXGroup;
			children = (
				88DBB02B2041BB0C005EDA8B /* TinkoffChat.app */,
			);
			name = Products;
			sourceTree = "<group>";
		};
		88DBB02D2041BB0C005EDA8B /* TinkoffChat */ = {
			isa = PBXGroup;
			children = (
				88DBB02E2041BB0C005EDA8B /* AppDelegate.swift */,
				884AF9372049FC9C00A4A045 /* DesignConstants.swift */,
				88A3EBEC20548A5600CC5FD7 /* Data.swift */,
				8835FA26205D9785002CFA21 /* ThemesViewController */,
				8892FBE020548DBA00D851E3 /* Utilites */,
				88691523205199130045D3F0 /* CustomUIElements */,
				88BF083020512ACB00B08C69 /* ConversationsList */,
				8869151A20517E2B0045D3F0 /* Conversation */,
				88B96C0A205352D100C4961C /* Message */,
				884AF92E2049E42600A4A045 /* Profile */,
				884AF9302049E47600A4A045 /* ViewController */,
				88DBB0382041BB0C005EDA8B /* Assets.xcassets */,
				88DBB03A2041BB0C005EDA8B /* LaunchScreen.storyboard */,
				88DBB03D2041BB0C005EDA8B /* Info.plist */,
				88DBB0352041BB0C005EDA8B /* TinkoffChat.xcdatamodeld */,
			);
			path = TinkoffChat;
			sourceTree = "<group>";
		};
/* End PBXGroup section */

/* Begin PBXNativeTarget section */
		88DBB02A2041BB0C005EDA8B /* TinkoffChat */ = {
			isa = PBXNativeTarget;
			buildConfigurationList = 88DBB0402041BB0C005EDA8B /* Build configuration list for PBXNativeTarget "TinkoffChat" */;
			buildPhases = (
				88DBB0272041BB0C005EDA8B /* Sources */,
				88DBB0282041BB0C005EDA8B /* Frameworks */,
				88DBB0292041BB0C005EDA8B /* Resources */,
			);
			buildRules = (
			);
			dependencies = (
			);
			name = TinkoffChat;
			productName = TinkoffChat;
			productReference = 88DBB02B2041BB0C005EDA8B /* TinkoffChat.app */;
			productType = "com.apple.product-type.application";
		};
/* End PBXNativeTarget section */

/* Begin PBXProject section */
		88DBB0232041BB0C005EDA8B /* Project object */ = {
			isa = PBXProject;
			attributes = {
				LastSwiftUpdateCheck = 0920;
				LastUpgradeCheck = 0920;
				ORGANIZATIONNAME = "Андрей Зорькин";
				TargetAttributes = {
					88DBB02A2041BB0C005EDA8B = {
						CreatedOnToolsVersion = 9.2;
						LastSwiftMigration = 0920;
						ProvisioningStyle = Automatic;
					};
				};
			};
			buildConfigurationList = 88DBB0262041BB0C005EDA8B /* Build configuration list for PBXProject "TinkoffChat" */;
			compatibilityVersion = "Xcode 8.0";
			developmentRegion = en;
			hasScannedForEncodings = 0;
			knownRegions = (
				en,
				Base,
			);
			mainGroup = 88DBB0222041BB0C005EDA8B;
			productRefGroup = 88DBB02C2041BB0C005EDA8B /* Products */;
			projectDirPath = "";
			projectRoot = "";
			targets = (
				88DBB02A2041BB0C005EDA8B /* TinkoffChat */,
			);
		};
/* End PBXProject section */

/* Begin PBXResourcesBuildPhase section */
		88DBB0292041BB0C005EDA8B /* Resources */ = {
			isa = PBXResourcesBuildPhase;
			buildActionMask = 2147483647;
			files = (
				88BF083220512AE000B08C69 /* ConversationsList.storyboard in Resources */,
				88B96C0520534D2700C4961C /* MessageController.storyboard in Resources */,
				88DBB03C2041BB0C005EDA8B /* LaunchScreen.storyboard in Resources */,
				8835FA32205DA86A002CFA21 /* ThemesViewController.storyboard in Resources */,
				88DBB0392041BB0C005EDA8B /* Assets.xcassets in Resources */,
				8869151C20517E3A0045D3F0 /* Conversation.storyboard in Resources */,
				884AF92B2049E32D00A4A045 /* Profile.storyboard in Resources */,
				88DBB0342041BB0C005EDA8B /* Main.storyboard in Resources */,
			);
			runOnlyForDeploymentPostprocessing = 0;
		};
/* End PBXResourcesBuildPhase section */

/* Begin PBXSourcesBuildPhase section */
		88DBB0272041BB0C005EDA8B /* Sources */ = {
			isa = PBXSourcesBuildPhase;
			buildActionMask = 2147483647;
			files = (
				88DBB0312041BB0C005EDA8B /* ViewController.swift in Sources */,
				88BF08342051318E00B08C69 /* ConversationCell.swift in Sources */,
				8869151920517E1E0045D3F0 /* ConversationViewController.swift in Sources */,
				884AF9382049FC9C00A4A045 /* DesignConstants.swift in Sources */,
				884AF9362049FBB400A4A045 /* ProfileView.swift in Sources */,
				88691520205182580045D3F0 /* MessageCell.swift in Sources */,
				88144CE0204329EA0035CB07 /* Log.swift in Sources */,
				8835FA2A205D9A47002CFA21 /* ThemesViewController.m in Sources */,
				88B96C032053307900C4961C /* DateFunctions.swift in Sources */,
				8835FA2D205D9BED002CFA21 /* Themes.m in Sources */,
				881AD4902051677B002503BF /* RandomDataFunctions.swift in Sources */,
				88B96C0920534DB000C4961C /* MessageController.swift in Sources */,
				884AF9342049F71000A4A045 /* EditButton.swift in Sources */,
				884AF92D2049E38200A4A045 /* ProfileViewController.swift in Sources */,
				88A3EBEB205466B000CC5FD7 /* MessageCellConfiguration.swift in Sources */,
				884AF9322049EC2700A4A045 /* ChangeProfileImageButton.swift in Sources */,
				88A3EBE92054668800CC5FD7 /* ConversationCellConfiguration.swift in Sources */,
				88A3EBED20548A5600CC5FD7 /* Data.swift in Sources */,
				88BF082F20512AA900B08C69 /* ConversationsListViewController.swift in Sources */,
				88DBB02F2041BB0C005EDA8B /* AppDelegate.swift in Sources */,
				881AD48E20515690002503BF /* CircleView.swift in Sources */,
				8869151E20517ED40045D3F0 /* Message.swift in Sources */,
				88BF08382051322C00B08C69 /* RoundImage.swift in Sources */,
				88DBB0372041BB0C005EDA8B /* TinkoffChat.xcdatamodeld in Sources */,
			);
			runOnlyForDeploymentPostprocessing = 0;
		};
/* End PBXSourcesBuildPhase section */

/* Begin PBXVariantGroup section */
		884AF9292049E32D00A4A045 /* Profile.storyboard */ = {
			isa = PBXVariantGroup;
			children = (
				884AF92A2049E32D00A4A045 /* Base */,
			);
			name = Profile.storyboard;
			sourceTree = "<group>";
		};
		88DBB0322041BB0C005EDA8B /* Main.storyboard */ = {
			isa = PBXVariantGroup;
			children = (
				88DBB0332041BB0C005EDA8B /* Base */,
			);
			name = Main.storyboard;
			sourceTree = "<group>";
		};
		88DBB03A2041BB0C005EDA8B /* LaunchScreen.storyboard */ = {
			isa = PBXVariantGroup;
			children = (
				88DBB03B2041BB0C005EDA8B /* Base */,
			);
			name = LaunchScreen.storyboard;
			sourceTree = "<group>";
		};
/* End PBXVariantGroup section */

/* Begin XCBuildConfiguration section */
		88DBB03E2041BB0C005EDA8B /* Debug */ = {
			isa = XCBuildConfiguration;
			buildSettings = {
				ALWAYS_SEARCH_USER_PATHS = NO;
				CLANG_ANALYZER_NONNULL = YES;
				CLANG_ANALYZER_NUMBER_OBJECT_CONVERSION = YES_AGGRESSIVE;
				CLANG_CXX_LANGUAGE_STANDARD = "gnu++14";
				CLANG_CXX_LIBRARY = "libc++";
				CLANG_ENABLE_MODULES = YES;
				CLANG_ENABLE_OBJC_ARC = NO;
				CLANG_WARN_BLOCK_CAPTURE_AUTORELEASING = YES;
				CLANG_WARN_BOOL_CONVERSION = YES;
				CLANG_WARN_COMMA = YES;
				CLANG_WARN_CONSTANT_CONVERSION = YES;
				CLANG_WARN_DIRECT_OBJC_ISA_USAGE = YES_ERROR;
				CLANG_WARN_DOCUMENTATION_COMMENTS = YES;
				CLANG_WARN_EMPTY_BODY = YES;
				CLANG_WARN_ENUM_CONVERSION = YES;
				CLANG_WARN_INFINITE_RECURSION = YES;
				CLANG_WARN_INT_CONVERSION = YES;
				CLANG_WARN_NON_LITERAL_NULL_CONVERSION = YES;
				CLANG_WARN_OBJC_LITERAL_CONVERSION = YES;
				CLANG_WARN_OBJC_ROOT_CLASS = YES_ERROR;
				CLANG_WARN_RANGE_LOOP_ANALYSIS = YES;
				CLANG_WARN_STRICT_PROTOTYPES = YES;
				CLANG_WARN_SUSPICIOUS_MOVE = YES;
				CLANG_WARN_UNGUARDED_AVAILABILITY = YES_AGGRESSIVE;
				CLANG_WARN_UNREACHABLE_CODE = YES;
				CLANG_WARN__DUPLICATE_METHOD_MATCH = YES;
				CODE_SIGN_IDENTITY = "iPhone Developer";
				COPY_PHASE_STRIP = NO;
				DEBUG_INFORMATION_FORMAT = dwarf;
				ENABLE_STRICT_OBJC_MSGSEND = YES;
				ENABLE_TESTABILITY = YES;
				GCC_C_LANGUAGE_STANDARD = gnu11;
				GCC_DYNAMIC_NO_PIC = NO;
				GCC_NO_COMMON_BLOCKS = YES;
				GCC_OPTIMIZATION_LEVEL = 0;
				GCC_PREPROCESSOR_DEFINITIONS = (
					"DEBUG=1",
					"$(inherited)",
				);
				GCC_WARN_64_TO_32_BIT_CONVERSION = YES;
				GCC_WARN_ABOUT_RETURN_TYPE = YES_ERROR;
				GCC_WARN_UNDECLARED_SELECTOR = YES;
				GCC_WARN_UNINITIALIZED_AUTOS = YES_AGGRESSIVE;
				GCC_WARN_UNUSED_FUNCTION = YES;
				GCC_WARN_UNUSED_VARIABLE = YES;
				IPHONEOS_DEPLOYMENT_TARGET = 9.0;
				MTL_ENABLE_DEBUG_INFO = YES;
				ONLY_ACTIVE_ARCH = YES;
				SDKROOT = iphoneos;
				SWIFT_ACTIVE_COMPILATION_CONDITIONS = DEBUG;
				SWIFT_INSTALL_OBJC_HEADER = YES;
				SWIFT_OPTIMIZATION_LEVEL = "-Onone";
			};
			name = Debug;
		};
		88DBB03F2041BB0C005EDA8B /* Release */ = {
			isa = XCBuildConfiguration;
			buildSettings = {
				ALWAYS_SEARCH_USER_PATHS = NO;
				CLANG_ANALYZER_NONNULL = YES;
				CLANG_ANALYZER_NUMBER_OBJECT_CONVERSION = YES_AGGRESSIVE;
				CLANG_CXX_LANGUAGE_STANDARD = "gnu++14";
				CLANG_CXX_LIBRARY = "libc++";
				CLANG_ENABLE_MODULES = YES;
				CLANG_ENABLE_OBJC_ARC = NO;
				CLANG_WARN_BLOCK_CAPTURE_AUTORELEASING = YES;
				CLANG_WARN_BOOL_CONVERSION = YES;
				CLANG_WARN_COMMA = YES;
				CLANG_WARN_CONSTANT_CONVERSION = YES;
				CLANG_WARN_DIRECT_OBJC_ISA_USAGE = YES_ERROR;
				CLANG_WARN_DOCUMENTATION_COMMENTS = YES;
				CLANG_WARN_EMPTY_BODY = YES;
				CLANG_WARN_ENUM_CONVERSION = YES;
				CLANG_WARN_INFINITE_RECURSION = YES;
				CLANG_WARN_INT_CONVERSION = YES;
				CLANG_WARN_NON_LITERAL_NULL_CONVERSION = YES;
				CLANG_WARN_OBJC_LITERAL_CONVERSION = YES;
				CLANG_WARN_OBJC_ROOT_CLASS = YES_ERROR;
				CLANG_WARN_RANGE_LOOP_ANALYSIS = YES;
				CLANG_WARN_STRICT_PROTOTYPES = YES;
				CLANG_WARN_SUSPICIOUS_MOVE = YES;
				CLANG_WARN_UNGUARDED_AVAILABILITY = YES_AGGRESSIVE;
				CLANG_WARN_UNREACHABLE_CODE = YES;
				CLANG_WARN__DUPLICATE_METHOD_MATCH = YES;
				CODE_SIGN_IDENTITY = "iPhone Developer";
				COPY_PHASE_STRIP = NO;
				DEBUG_INFORMATION_FORMAT = "dwarf-with-dsym";
				ENABLE_NS_ASSERTIONS = NO;
				ENABLE_STRICT_OBJC_MSGSEND = YES;
				GCC_C_LANGUAGE_STANDARD = gnu11;
				GCC_NO_COMMON_BLOCKS = YES;
				GCC_WARN_64_TO_32_BIT_CONVERSION = YES;
				GCC_WARN_ABOUT_RETURN_TYPE = YES_ERROR;
				GCC_WARN_UNDECLARED_SELECTOR = YES;
				GCC_WARN_UNINITIALIZED_AUTOS = YES_AGGRESSIVE;
				GCC_WARN_UNUSED_FUNCTION = YES;
				GCC_WARN_UNUSED_VARIABLE = YES;
				IPHONEOS_DEPLOYMENT_TARGET = 9.0;
				MTL_ENABLE_DEBUG_INFO = NO;
				SDKROOT = iphoneos;
				SWIFT_INSTALL_OBJC_HEADER = YES;
				SWIFT_OPTIMIZATION_LEVEL = "-Owholemodule";
				VALIDATE_PRODUCT = YES;
			};
			name = Release;
		};
		88DBB0412041BB0C005EDA8B /* Debug */ = {
			isa = XCBuildConfiguration;
			buildSettings = {
				ASSETCATALOG_COMPILER_APPICON_NAME = AppIcon;
				CLANG_ENABLE_MODULES = YES;
				CODE_SIGN_STYLE = Automatic;
				DEVELOPMENT_TEAM = 68427LK7H9;
				INFOPLIST_FILE = TinkoffChat/Info.plist;
				IPHONEOS_DEPLOYMENT_TARGET = 10;
				LD_RUNPATH_SEARCH_PATHS = "$(inherited) @executable_path/Frameworks";
				PRODUCT_BUNDLE_IDENTIFIER = ru.zooorkin.TinkoffChat;
				PRODUCT_NAME = "$(TARGET_NAME)";
				SWIFT_INSTALL_OBJC_HEADER = NO;
				SWIFT_OBJC_BRIDGING_HEADER = "TinkoffChat/ThemesViewController/TinkoffChat-Bridging-Header.h";
				SWIFT_OPTIMIZATION_LEVEL = "-Onone";
				SWIFT_PRECOMPILE_BRIDGING_HEADER = NO;
				SWIFT_VERSION = 4.0;
				TARGETED_DEVICE_FAMILY = "1,2";
			};
			name = Debug;
		};
		88DBB0422041BB0C005EDA8B /* Release */ = {
			isa = XCBuildConfiguration;
			buildSettings = {
				ASSETCATALOG_COMPILER_APPICON_NAME = AppIcon;
				CLANG_ENABLE_MODULES = YES;
				CODE_SIGN_STYLE = Automatic;
				DEVELOPMENT_TEAM = 68427LK7H9;
				INFOPLIST_FILE = TinkoffChat/Info.plist;
				IPHONEOS_DEPLOYMENT_TARGET = 10;
				LD_RUNPATH_SEARCH_PATHS = "$(inherited) @executable_path/Frameworks";
				PRODUCT_BUNDLE_IDENTIFIER = ru.zooorkin.TinkoffChat;
				PRODUCT_NAME = "$(TARGET_NAME)";
				SWIFT_INSTALL_OBJC_HEADER = NO;
				SWIFT_OBJC_BRIDGING_HEADER = "TinkoffChat/ThemesViewController/TinkoffChat-Bridging-Header.h";
				SWIFT_PRECOMPILE_BRIDGING_HEADER = NO;
				SWIFT_VERSION = 4.0;
				TARGETED_DEVICE_FAMILY = "1,2";
			};
			name = Release;
		};
/* End XCBuildConfiguration section */

/* Begin XCConfigurationList section */
		88DBB0262041BB0C005EDA8B /* Build configuration list for PBXProject "TinkoffChat" */ = {
			isa = XCConfigurationList;
			buildConfigurations = (
				88DBB03E2041BB0C005EDA8B /* Debug */,
				88DBB03F2041BB0C005EDA8B /* Release */,
			);
			defaultConfigurationIsVisible = 0;
			defaultConfigurationName = Release;
		};
		88DBB0402041BB0C005EDA8B /* Build configuration list for PBXNativeTarget "TinkoffChat" */ = {
			isa = XCConfigurationList;
			buildConfigurations = (
				88DBB0412041BB0C005EDA8B /* Debug */,
				88DBB0422041BB0C005EDA8B /* Release */,
			);
			defaultConfigurationIsVisible = 0;
			defaultConfigurationName = Release;
		};
/* End XCConfigurationList section */

/* Begin XCVersionGroup section */
		88DBB0352041BB0C005EDA8B /* TinkoffChat.xcdatamodeld */ = {
			isa = XCVersionGroup;
			children = (
				88DBB0362041BB0C005EDA8B /* TinkoffChat.xcdatamodel */,
			);
			currentVersion = 88DBB0362041BB0C005EDA8B /* TinkoffChat.xcdatamodel */;
			path = TinkoffChat.xcdatamodeld;
			sourceTree = "<group>";
			versionGroupType = wrapper.xcdatamodel;
		};
/* End XCVersionGroup section */
	};
	rootObject = 88DBB0232041BB0C005EDA8B /* Project object */;
}
